{
  "version": 4,
  "terraform_version": "0.12.3",
  "serial": 757,
  "lineage": "adb45ec4-d318-2e33-f483-10e9a32fbc1f",
  "outputs": {
    "vpc": {
      "value": {
        "arn": "arn:aws:ec2:eu-west-2:799980351101:vpc/vpc-06e8c8542dedb8178",
        "assign_generated_ipv6_cidr_block": false,
        "cidr_block": "10.0.0.0/16",
        "default_network_acl_id": "acl-061865527a647a7c0",
        "default_route_table_id": "rtb-059e5027786ee7196",
        "default_security_group_id": "sg-028c6d85495d9058a",
        "dhcp_options_id": "dopt-303b6f58",
        "enable_classiclink": null,
        "enable_classiclink_dns_support": null,
        "enable_dns_hostnames": true,
        "enable_dns_support": true,
        "id": "vpc-06e8c8542dedb8178",
        "instance_tenancy": "default",
        "ipv6_association_id": "",
        "ipv6_cidr_block": "",
        "main_route_table_id": "rtb-059e5027786ee7196",
        "owner_id": "799980351101",
        "tags": {
          "Account": "799980351101",
          "InfraName": "k1",
          "Name": "k1",
          "Owner": "arn:aws:iam::799980351101:user/david",
          "User": "AIDA3UQULNZ67DB2MUL5O"
        }
      },
      "type": [
        "object",
        {
          "arn": "string",
          "assign_generated_ipv6_cidr_block": "bool",
          "cidr_block": "string",
          "default_network_acl_id": "string",
          "default_route_table_id": "string",
          "default_security_group_id": "string",
          "dhcp_options_id": "string",
          "enable_classiclink": "bool",
          "enable_classiclink_dns_support": "bool",
          "enable_dns_hostnames": "bool",
          "enable_dns_support": "bool",
          "id": "string",
          "instance_tenancy": "string",
          "ipv6_association_id": "string",
          "ipv6_cidr_block": "string",
          "main_route_table_id": "string",
          "owner_id": "string",
          "tags": [
            "map",
            "string"
          ]
        }
      ]
    },
    "vpc_id": {
      "value": "vpc-06e8c8542dedb8178",
      "type": "string"
    }
  },
  "resources": [
    {
      "module": "module.rhel_7_8-images",
      "mode": "data",
      "type": "aws_ami",
      "name": "machine",
      "provider": "provider.aws",
      "instances": [
        {
          "schema_version": 0,
          "attributes": {
            "architecture": "x86_64",
            "block_device_mappings": [
              {
                "device_name": "/dev/sda1",
                "ebs": {
                  "delete_on_termination": "true",
                  "encrypted": "false",
                  "iops": "0",
                  "snapshot_id": "snap-0495de951573676d6",
                  "volume_size": "10",
                  "volume_type": "gp2"
                },
                "no_device": "",
                "virtual_name": ""
              }
            ],
            "creation_date": "2020-02-26T17:13:33.000Z",
            "description": "Provided by Red Hat, Inc.",
            "executable_users": null,
            "filter": [
              {
                "name": "architecture",
                "values": [
                  "x86_64"
                ]
              },
              {
                "name": "name",
                "values": [
                  "RHEL-7.8*"
                ]
              },
              {
                "name": "root-device-type",
                "values": [
                  "ebs"
                ]
              },
              {
                "name": "virtualization-type",
                "values": [
                  "hvm"
                ]
              }
            ],
            "hypervisor": "xen",
            "id": "ami-014ec3973fd627c70",
            "image_id": "ami-014ec3973fd627c70",
            "image_location": "309956199498/RHEL-7.8_HVM_GA-20200225-x86_64-1-Hourly2-GP2",
            "image_owner_alias": null,
            "image_type": "machine",
            "kernel_id": null,
            "most_recent": true,
            "name": "RHEL-7.8_HVM_GA-20200225-x86_64-1-Hourly2-GP2",
            "name_regex": null,
            "owner_id": "309956199498",
            "owners": [
              "309956199498"
            ],
            "platform": null,
            "product_codes": [],
            "public": true,
            "ramdisk_id": null,
            "root_device_name": "/dev/sda1",
            "root_device_type": "ebs",
            "root_snapshot_id": "snap-0495de951573676d6",
            "sriov_net_support": "simple",
            "state": "available",
            "state_reason": {
              "code": "UNSET",
              "message": "UNSET"
            },
            "tags": {},
            "virtualization_type": "hvm"
          }
        }
      ]
    },
    {
      "module": "module.rhel_8_2-images",
      "mode": "data",
      "type": "aws_ami",
      "name": "machine",
      "provider": "provider.aws",
      "instances": [
        {
          "schema_version": 0,
          "attributes": {
            "architecture": "x86_64",
            "block_device_mappings": [
              {
                "device_name": "/dev/sda1",
                "ebs": {
                  "delete_on_termination": "true",
                  "encrypted": "false",
                  "iops": "0",
                  "snapshot_id": "snap-0603bdae6ca21b089",
                  "volume_size": "10",
                  "volume_type": "gp2"
                },
                "no_device": "",
                "virtual_name": ""
              }
            ],
            "creation_date": "2020-04-23T16:53:43.000Z",
            "description": "Provided by Red Hat, Inc.",
            "executable_users": null,
            "filter": [
              {
                "name": "architecture",
                "values": [
                  "x86_64"
                ]
              },
              {
                "name": "name",
                "values": [
                  "RHEL-8.2*"
                ]
              },
              {
                "name": "root-device-type",
                "values": [
                  "ebs"
                ]
              },
              {
                "name": "virtualization-type",
                "values": [
                  "hvm"
                ]
              }
            ],
            "hypervisor": "xen",
            "id": "ami-0fc841be1f929d7d1",
            "image_id": "ami-0fc841be1f929d7d1",
            "image_location": "309956199498/RHEL-8.2.0_HVM-20200423-x86_64-0-Hourly2-GP2",
            "image_owner_alias": null,
            "image_type": "machine",
            "kernel_id": null,
            "most_recent": true,
            "name": "RHEL-8.2.0_HVM-20200423-x86_64-0-Hourly2-GP2",
            "name_regex": null,
            "owner_id": "309956199498",
            "owners": [
              "309956199498"
            ],
            "platform": null,
            "product_codes": [],
            "public": true,
            "ramdisk_id": null,
            "root_device_name": "/dev/sda1",
            "root_device_type": "ebs",
            "root_snapshot_id": "snap-0603bdae6ca21b089",
            "sriov_net_support": "simple",
            "state": "available",
            "state_reason": {
              "code": "UNSET",
              "message": "UNSET"
            },
            "tags": {},
            "virtualization_type": "hvm"
          }
        }
      ]
    },
    {
      "mode": "data",
      "type": "aws_caller_identity",
      "name": "current",
      "provider": "provider.aws",
      "instances": [
        {
          "schema_version": 0,
          "attributes": {
            "account_id": "799980351101",
            "arn": "arn:aws:iam::799980351101:user/david",
            "id": "2020-06-06 01:04:52.108423854 +0000 UTC",
            "user_id": "AIDA3UQULNZ67DB2MUL5O"
          }
        }
      ]
    },
    {
      "mode": "managed",
      "type": "aws_eip",
      "name": "k1-private-subnet_nat_gw_ip",
      "provider": "provider.aws",
      "instances": [
        {
          "schema_version": 0,
          "attributes": {
            "allocation_id": null,
            "associate_with_private_ip": null,
            "association_id": "",
            "customer_owned_ip": "",
            "customer_owned_ipv4_pool": "",
            "domain": "vpc",
            "id": "eipalloc-033add0c290bcc16f",
            "instance": "",
            "network_interface": "",
            "private_dns": null,
            "private_ip": "",
            "public_dns": "ec2-3-9-68-240.eu-west-2.compute.amazonaws.com",
            "public_ip": "3.9.68.240",
            "public_ipv4_pool": "amazon",
            "tags": null,
            "timeouts": null,
            "vpc": true
          },
          "private": "eyJlMmJmYjczMC1lY2FhLTExZTYtOGY4OC0zNDM2M2JjN2M0YzAiOnsiZGVsZXRlIjoxODAwMDAwMDAwMDAsInJlYWQiOjkwMDAwMDAwMDAwMCwidXBkYXRlIjozMDAwMDAwMDAwMDB9fQ=="
        }
      ]
    },
    {
      "module": "module.aws-iam",
      "mode": "managed",
      "type": "aws_iam_access_key",
      "name": "application-aws-user",
      "provider": "provider.aws",
      "instances": [
        {
          "schema_version": 0,
          "attributes": {
            "encrypted_secret": null,
            "id": "AKIA3UQULNZ65ZRLB54E",
            "key_fingerprint": null,
            "pgp_key": null,
            "secret": "3XJQnKZ9Q8l97LTCdVxoZQpLOXy753iyzqE+XAVY",
            "ses_smtp_password": "Al57HFKLKR098nS/mRkyWFCJcDEy6VeWKLQ/tXq+hnnR",
            "ses_smtp_password_v4": "BJ+yKpReQbIF7wnvaF4w2XYZtImlYt/KPG335Ude08eS",
            "status": "Active",
            "user": "k1-k1-aws-user"
          },
          "private": "bnVsbA==",
          "depends_on": [
            "aws_iam_user.application-aws-user"
          ]
        }
      ]
    },
    {
      "module": "module.aws-iam",
      "mode": "managed",
      "type": "aws_iam_instance_profile",
      "name": "sts-instance-profile",
      "provider": "provider.aws",
      "instances": [
        {
          "schema_version": 0,
          "attributes": {
            "arn": "arn:aws:iam::799980351101:instance-profile/k1-sts-instance-profile",
            "create_date": "2020-06-06T01:04:59Z",
            "id": "k1-sts-instance-profile",
            "name": "k1-sts-instance-profile",
            "name_prefix": null,
            "path": "/",
            "role": "k1-sts-instance-role",
            "roles": [],
            "unique_id": "AIPA3UQULNZ6VRKDBYBUA"
          },
          "private": "bnVsbA==",
          "depends_on": [
            "aws_iam_role.sts-instance-role"
          ]
        }
      ]
    },
    {
      "module": "module.aws-iam",
      "mode": "managed",
      "type": "aws_iam_policy",
      "name": "application-policy-forward-logs",
      "provider": "provider.aws",
      "instances": [
        {
          "schema_version": 0,
          "attributes": {
            "arn": "arn:aws:iam::799980351101:policy/k1-k1-instance-forward-logs",
            "description": "Allows an instance to forward logs to CloudWatch",
            "id": "arn:aws:iam::799980351101:policy/k1-k1-instance-forward-logs",
            "name": "k1-k1-instance-forward-logs",
            "name_prefix": null,
            "path": "/",
            "policy": "{\n  \"Version\": \"2012-10-17\",\n  \"Statement\": [\n    {\n      \"Effect\": \"Allow\",\n      \"Action\": [\n        \"logs:CreateLogGroup\",\n        \"logs:CreateLogStream\",\n        \"logs:PutLogEvents\",\n        \"logs:DescribeLogStreams\"\n      ],\n      \"Resource\": [\n        \"arn:aws:logs:*:*:*\"\n      ]\n    }\n  ]\n}\n"
          },
          "private": "bnVsbA=="
        }
      ]
    },
    {
      "module": "module.aws-iam",
      "mode": "managed",
      "type": "aws_iam_policy_attachment",
      "name": "application-attachment-forward-logs",
      "provider": "provider.aws",
      "instances": [
        {
          "schema_version": 0,
          "attributes": {
            "groups": null,
            "id": "k1-k1-attachment-forward-logs",
            "name": "k1-k1-attachment-forward-logs",
            "policy_arn": "arn:aws:iam::799980351101:policy/k1-k1-instance-forward-logs",
            "roles": [
              "k1-sts-instance-role"
            ],
            "users": null
          },
          "private": "bnVsbA==",
          "depends_on": [
            "aws_iam_policy.application-policy-forward-logs",
            "aws_iam_role.sts-instance-role"
          ]
        }
      ]
    },
    {
      "module": "module.aws-iam",
      "mode": "managed",
      "type": "aws_iam_role",
      "name": "sts-instance-role",
      "provider": "provider.aws",
      "instances": [
        {
          "schema_version": 0,
          "attributes": {
            "arn": "arn:aws:iam::799980351101:role/k1-sts-instance-role",
            "assume_role_policy": "{\"Version\":\"2012-10-17\",\"Statement\":[{\"Sid\":\"\",\"Effect\":\"Allow\",\"Principal\":{\"Service\":\"ec2.amazonaws.com\"},\"Action\":\"sts:AssumeRole\"}]}",
            "create_date": "2020-06-06T01:04:58Z",
            "description": "",
            "force_detach_policies": false,
            "id": "k1-sts-instance-role",
            "max_session_duration": 3600,
            "name": "k1-sts-instance-role",
            "name_prefix": null,
            "path": "/",
            "permissions_boundary": null,
            "tags": {
              "Account": "799980351101",
              "InfraName": "k1",
              "Owner": "arn:aws:iam::799980351101:user/david",
              "User": "AIDA3UQULNZ67DB2MUL5O"
            },
            "unique_id": "AROA3UQULNZ647VVAURMF"
          },
          "private": "bnVsbA=="
        }
      ]
    },
    {
      "module": "module.aws-iam",
      "mode": "managed",
      "type": "aws_iam_user",
      "name": "application-aws-user",
      "provider": "provider.aws",
      "instances": [
        {
          "schema_version": 0,
          "attributes": {
            "arn": "arn:aws:iam::799980351101:user/k1-k1-aws-user",
            "force_destroy": false,
            "id": "k1-k1-aws-user",
            "name": "k1-k1-aws-user",
            "path": "/",
            "permissions_boundary": null,
            "tags": {
              "Account": "799980351101",
              "InfraName": "k1",
              "Owner": "arn:aws:iam::799980351101:user/david",
              "User": "AIDA3UQULNZ67DB2MUL5O"
            },
            "unique_id": "AIDA3UQULNZ67K6MYXFQT"
          },
          "private": "bnVsbA=="
        }
      ]
    },
    {
      "module": "module.aws-iam",
      "mode": "managed",
      "type": "aws_iam_user_policy",
      "name": "application-aws-user",
      "provider": "provider.aws",
      "instances": [
        {
          "schema_version": 0,
          "attributes": {
            "id": "k1-k1-aws-user:k1-k1-aws-user-policy",
            "name": "k1-k1-aws-user-policy",
            "name_prefix": null,
            "policy": "{\n  \"Version\": \"2012-10-17\",\n  \"Statement\": [\n    {\n      \"Effect\": \"Allow\",\n      \"Action\": [\n        \"ec2:DescribeVolume*\",\n        \"ec2:CreateVolume\",\n        \"ec2:CreateTags\",\n        \"ec2:DescribeInstance*\",\n        \"ec2:AttachVolume\",\n        \"ec2:DetachVolume\",\n        \"ec2:DeleteVolume\",\n        \"ec2:DescribeSubnets\",\n        \"ec2:CreateSecurityGroup\",\n        \"ec2:DescribeSecurityGroups\",\n        \"ec2:DescribeRouteTables\",\n        \"ec2:AuthorizeSecurityGroupIngress\",\n        \"ec2:RevokeSecurityGroupIngress\",\n        \"elasticloadbalancing:DescribeTags\",\n        \"elasticloadbalancing:CreateLoadBalancerListeners\",\n        \"elasticloadbalancing:ConfigureHealthCheck\",\n        \"elasticloadbalancing:DeleteLoadBalancerListeners\",\n        \"elasticloadbalancing:RegisterInstancesWithLoadBalancer\",\n        \"elasticloadbalancing:DescribeLoadBalancers\",\n        \"elasticloadbalancing:CreateLoadBalancer\",\n        \"elasticloadbalancing:DeleteLoadBalancer\",\n        \"elasticloadbalancing:ModifyLoadBalancerAttributes\",\n        \"elasticloadbalancing:DescribeLoadBalancerAttributes\"\n      ],\n      \"Resource\": \"*\"\n    }\n  ]\n}\n",
            "user": "k1-k1-aws-user"
          },
          "private": "bnVsbA==",
          "depends_on": [
            "aws_iam_user.application-aws-user"
          ]
        }
      ]
    },
    {
      "mode": "managed",
      "type": "aws_instance",
      "name": "k1_kubectrl_instance_1",
      "provider": "provider.aws",
      "instances": [
        {
          "schema_version": 1,
          "attributes": {
            "ami": "ami-014ec3973fd627c70",
            "arn": "arn:aws:ec2:eu-west-2:799980351101:instance/i-033b3bfad08f4305f",
            "associate_public_ip_address": true,
            "availability_zone": "eu-west-2a",
            "cpu_core_count": 1,
            "cpu_threads_per_core": 1,
            "credit_specification": [
              {
                "cpu_credits": "standard"
              }
            ],
            "disable_api_termination": false,
            "ebs_block_device": [],
            "ebs_optimized": false,
            "ephemeral_block_device": [],
            "get_password_data": false,
            "hibernation": false,
            "host_id": null,
            "iam_instance_profile": "k1-sts-instance-profile",
            "id": "i-033b3bfad08f4305f",
            "instance_initiated_shutdown_behavior": null,
            "instance_state": "running",
            "instance_type": "t2.micro",
            "ipv6_address_count": 0,
            "ipv6_addresses": [],
            "key_name": "k1-sshkey",
            "metadata_options": [
              {
                "http_endpoint": "enabled",
                "http_put_response_hop_limit": 1,
                "http_tokens": "optional"
              }
            ],
            "monitoring": false,
            "network_interface": [],
            "network_interface_id": null,
            "outpost_arn": "",
            "password_data": "",
            "placement_group": "",
            "primary_network_interface_id": "eni-0407e3a324b0aae51",
            "private_dns": "ip-10-0-1-38.eu-west-2.compute.internal",
            "private_ip": "10.0.1.38",
            "public_dns": "ec2-52-56-213-58.eu-west-2.compute.amazonaws.com",
            "public_ip": "52.56.213.58",
            "root_block_device": [
              {
                "delete_on_termination": true,
                "device_name": "/dev/sda1",
                "encrypted": false,
                "iops": 100,
                "kms_key_id": "",
                "volume_id": "vol-0169b221fd5277126",
                "volume_size": 10,
                "volume_type": "gp2"
              }
            ],
            "security_groups": [],
            "source_dest_check": true,
            "subnet_id": "subnet-01a191ae9e879f872",
            "tags": {
              "Account": "799980351101",
              "InfraName": "k1",
              "Name": "kubectrl.localdomain",
              "Owner": "arn:aws:iam::799980351101:user/david",
              "User": "AIDA3UQULNZ67DB2MUL5O"
            },
            "tenancy": "default",
            "timeouts": null,
            "user_data": null,
            "user_data_base64": null,
            "volume_tags": {},
            "vpc_security_group_ids": [
              "sg-0b69840f28dbf783f",
              "sg-0fd904215366b2aad"
            ]
          },
          "private": "eyJlMmJmYjczMC1lY2FhLTExZTYtOGY4OC0zNDM2M2JjN2M0YzAiOnsiY3JlYXRlIjo2MDAwMDAwMDAwMDAsImRlbGV0ZSI6MTIwMDAwMDAwMDAwMCwidXBkYXRlIjo2MDAwMDAwMDAwMDB9LCJzY2hlbWFfdmVyc2lvbiI6IjEifQ==",
          "depends_on": [
            "aws_security_group.control_group",
            "aws_security_group.default_group",
            "aws_subnet.k1-public-subnet",
            "module.aws-iam",
            "module.rhel_7_8-images"
          ]
        }
      ]
    },
    {
      "mode": "managed",
      "type": "aws_instance",
      "name": "k1_kubework_instance_1",
      "provider": "provider.aws",
      "instances": [
        {
          "schema_version": 1,
          "attributes": {
            "ami": "ami-014ec3973fd627c70",
            "arn": "arn:aws:ec2:eu-west-2:799980351101:instance/i-00421f4d2b20081b9",
            "associate_public_ip_address": false,
            "availability_zone": "eu-west-2a",
            "cpu_core_count": 1,
            "cpu_threads_per_core": 1,
            "credit_specification": [
              {
                "cpu_credits": "standard"
              }
            ],
            "disable_api_termination": false,
            "ebs_block_device": [],
            "ebs_optimized": false,
            "ephemeral_block_device": [],
            "get_password_data": false,
            "hibernation": false,
            "host_id": null,
            "iam_instance_profile": "k1-sts-instance-profile",
            "id": "i-00421f4d2b20081b9",
            "instance_initiated_shutdown_behavior": null,
            "instance_state": "running",
            "instance_type": "t2.micro",
            "ipv6_address_count": 0,
            "ipv6_addresses": [],
            "key_name": "k1-sshkey",
            "metadata_options": [
              {
                "http_endpoint": "enabled",
                "http_put_response_hop_limit": 1,
                "http_tokens": "optional"
              }
            ],
            "monitoring": false,
            "network_interface": [],
            "network_interface_id": null,
            "outpost_arn": "",
            "password_data": "",
            "placement_group": "",
            "primary_network_interface_id": "eni-077e6c4e2c8de0ce3",
            "private_dns": "ip-10-0-2-181.eu-west-2.compute.internal",
            "private_ip": "10.0.2.181",
            "public_dns": "",
            "public_ip": "",
            "root_block_device": [
              {
                "delete_on_termination": true,
                "device_name": "/dev/sda1",
                "encrypted": false,
                "iops": 100,
                "kms_key_id": "",
                "volume_id": "vol-013d29d1d5b8e91b4",
                "volume_size": 10,
                "volume_type": "gp2"
              }
            ],
            "security_groups": [],
            "source_dest_check": true,
            "subnet_id": "subnet-0e43e0fe0d0310d46",
            "tags": {
              "Account": "799980351101",
              "InfraName": "k1",
              "Name": "kubework.localdomain",
              "Owner": "arn:aws:iam::799980351101:user/david",
              "User": "AIDA3UQULNZ67DB2MUL5O"
            },
            "tenancy": "default",
            "timeouts": null,
            "user_data": null,
            "user_data_base64": null,
            "volume_tags": {},
            "vpc_security_group_ids": [
              "sg-0a0bcf6d430465899",
              "sg-0fd904215366b2aad"
            ]
          },
          "private": "eyJlMmJmYjczMC1lY2FhLTExZTYtOGY4OC0zNDM2M2JjN2M0YzAiOnsiY3JlYXRlIjo2MDAwMDAwMDAwMDAsImRlbGV0ZSI6MTIwMDAwMDAwMDAwMCwidXBkYXRlIjo2MDAwMDAwMDAwMDB9LCJzY2hlbWFfdmVyc2lvbiI6IjEifQ==",
          "depends_on": [
            "aws_security_group.default_group",
            "aws_security_group.worker_group",
            "aws_subnet.k1-private-subnet",
            "module.aws-iam",
            "module.rhel_7_8-images"
          ]
        }
      ]
    },
    {
      "module": "module.aws-cloud2",
      "mode": "managed",
      "type": "aws_internet_gateway",
      "name": "default_gateway",
      "provider": "provider.aws",
      "instances": [
        {
          "schema_version": 0,
          "attributes": {
            "id": "igw-0db648c835b449cfb",
            "owner_id": "799980351101",
            "tags": {
              "Account": "799980351101",
              "InfraName": "k1",
              "Owner": "arn:aws:iam::799980351101:user/david",
              "User": "AIDA3UQULNZ67DB2MUL5O"
            },
            "vpc_id": "vpc-06e8c8542dedb8178"
          },
          "private": "bnVsbA==",
          "depends_on": [
            "aws_vpc.cloud"
          ]
        }
      ]
    },
    {
      "mode": "managed",
      "type": "aws_key_pair",
      "name": "keypair",
      "provider": "provider.aws",
      "instances": [
        {
          "schema_version": 1,
          "attributes": {
            "fingerprint": "04:9d:c6:68:1f:72:66:b7:93:30:82:30:67:d8:fa:74",
            "id": "k1-sshkey",
            "key_name": "k1-sshkey",
            "key_name_prefix": null,
            "key_pair_id": "key-05596fcd0ac31aef6",
            "public_key": "ssh-rsa AAAAB3NzaC1yc2EAAAADAQABAAACAQDH9qyC1VxGnOWAp0xSOOU2JXWQldlb5zW4t/EZKPb0xO+njxcHd7Xywc/2grAM2oNdPAZtHBhc66rvABKv6kSTZ0skQwImc87hsCC65ZTO+Vf8aU0eXoOfkRN1GV+g58qBYegx1bNPCRZRXZOWaZDuxayUV/kZ9yEyaDgIbuOuGFBpvKPjwYZQR2OApThdKC0X5NFESg9HbvcugaTnarpcr/H9iDgFOnFLfwIGimYo8aLJL0NpgLyjLkhiEveXzn2DVheJ8uqxo8enoCzk/iIxaVaC/sRJ+nuzXhwkXfDduSvElWLql/woId8WjJP4uEIhaP9mLkbjz0oifsm76CBZ8OKbYKazmF0wLS2h36jgSYSal7UYsSK4bpogR1BPSja9a30iKUs9l0Qs5/LydNge4Yp1XON6UmdmxokS8B0ouD+yPFHfuyNpgfZQRLk8vXlk7ll1k0eF1Zaw1Djb2+p1QuFiQaWe4P3hZj7thjdqhd4hJIuxJaRsCjX8ZHIDux1qc6v7nP4gu6YBeHGw8URdqEOsz9l0Iw4rkGURIcFp8A4IFB2s2OMKaJ19+BWkpORTYyiNnstjPzc+A9mqJAHfeRGJ2Jt6CGqYtFp2ReV3BEh7+5P0CltAO5TVcDOlf8f1jV5x1vnzxsrYne3zlih1/RaO7HNrisdc5PGl6DrVQQ== davids@localhost.localdomain",
            "tags": null
          },
          "private": "eyJzY2hlbWFfdmVyc2lvbiI6IjEifQ=="
        }
      ]
    },
    {
      "mode": "managed",
      "type": "aws_nat_gateway",
      "name": "k1-private-subnet_nat_gw",
      "provider": "provider.aws",
      "instances": [
        {
          "schema_version": 0,
          "attributes": {
            "allocation_id": "eipalloc-033add0c290bcc16f",
            "id": "nat-0e261b8f69cef7b7a",
            "network_interface_id": "eni-01deb1fdd10466e97",
            "private_ip": "10.0.2.117",
            "public_ip": "3.9.68.240",
            "subnet_id": "subnet-0e43e0fe0d0310d46",
            "tags": {
              "Name": "k1 - k1-private-subnet NAT GW"
            }
          },
          "private": "bnVsbA==",
          "depends_on": [
            "aws_eip.k1-private-subnet_nat_gw_ip",
            "aws_subnet.k1-private-subnet"
          ]
        }
      ]
    },
    {
      "module": "module.aws-cloud2",
      "mode": "managed",
      "type": "aws_route_table",
      "name": "public_route",
      "provider": "provider.aws",
      "instances": [
        {
          "schema_version": 0,
          "attributes": {
            "id": "rtb-00757328d89b8b498",
            "owner_id": "799980351101",
            "propagating_vgws": [],
            "route": [
              {
                "cidr_block": "0.0.0.0/0",
                "egress_only_gateway_id": "",
                "gateway_id": "igw-0db648c835b449cfb",
                "instance_id": "",
                "ipv6_cidr_block": "",
                "nat_gateway_id": "",
                "network_interface_id": "",
                "transit_gateway_id": "",
                "vpc_peering_connection_id": ""
              }
            ],
            "tags": {
              "Account": "799980351101",
              "InfraName": "k1",
              "Owner": "arn:aws:iam::799980351101:user/david",
              "User": "AIDA3UQULNZ67DB2MUL5O"
            },
            "vpc_id": "vpc-06e8c8542dedb8178"
          },
          "private": "bnVsbA==",
          "depends_on": [
            "aws_internet_gateway.default_gateway",
            "aws_vpc.cloud"
          ]
        }
      ]
    },
    {
      "mode": "managed",
      "type": "aws_route_table_association",
      "name": "k1-private-subnet_asoc",
      "provider": "provider.aws",
      "instances": [
        {
          "schema_version": 0,
          "attributes": {
            "gateway_id": null,
            "id": "rtbassoc-04d4d399cf41c2c1b",
            "route_table_id": "rtb-00757328d89b8b498",
            "subnet_id": "subnet-0e43e0fe0d0310d46"
          },
          "private": "bnVsbA==",
          "depends_on": [
            "aws_subnet.k1-private-subnet",
            "module.aws-cloud2"
          ]
        }
      ]
    },
    {
      "mode": "managed",
      "type": "aws_route_table_association",
      "name": "k1-public-subnet_asoc",
      "provider": "provider.aws",
      "instances": [
        {
          "schema_version": 0,
          "attributes": {
            "gateway_id": null,
            "id": "rtbassoc-0d5e16d8cc9a9b7cc",
            "route_table_id": "rtb-00757328d89b8b498",
            "subnet_id": "subnet-01a191ae9e879f872"
          },
          "private": "bnVsbA==",
          "depends_on": [
            "aws_subnet.k1-public-subnet",
            "module.aws-cloud2"
          ]
        }
      ]
    },
    {
      "mode": "managed",
      "type": "aws_security_group",
      "name": "control_group",
      "provider": "provider.aws",
      "instances": [
        {
          "schema_version": 1,
          "attributes": {
            "arn": "arn:aws:ec2:eu-west-2:799980351101:security-group/sg-0b69840f28dbf783f",
            "description": "Kube Control Group",
            "egress": [],
            "id": "sg-0b69840f28dbf783f",
            "ingress": [
              {
                "cidr_blocks": [
                  "0.0.0.0/0"
                ],
                "description": "Kubelet API",
                "from_port": 10250,
                "ipv6_cidr_blocks": [],
                "prefix_list_ids": [],
                "protocol": "tcp",
                "security_groups": [],
                "self": true,
                "to_port": 10250
              },
              {
                "cidr_blocks": [
                  "0.0.0.0/0"
                ],
                "description": "Kubernetes API server",
                "from_port": 6443,
                "ipv6_cidr_blocks": [],
                "prefix_list_ids": [],
                "protocol": "tcp",
                "security_groups": [],
                "self": true,
                "to_port": 6443
              },
              {
                "cidr_blocks": [
                  "0.0.0.0/0"
                ],
                "description": "etcd server client API",
                "from_port": 2379,
                "ipv6_cidr_blocks": [],
                "prefix_list_ids": [],
                "protocol": "tcp",
                "security_groups": [],
                "self": true,
                "to_port": 2380
              },
              {
                "cidr_blocks": [
                  "0.0.0.0/0"
                ],
                "description": "kube-controller-manager",
                "from_port": 10252,
                "ipv6_cidr_blocks": [],
                "prefix_list_ids": [],
                "protocol": "tcp",
                "security_groups": [],
                "self": true,
                "to_port": 10252
              },
              {
                "cidr_blocks": [
                  "0.0.0.0/0"
                ],
                "description": "kube-scheduler",
                "from_port": 10251,
                "ipv6_cidr_blocks": [],
                "prefix_list_ids": [],
                "protocol": "tcp",
                "security_groups": [],
                "self": true,
                "to_port": 10251
              }
            ],
            "name": "control_group",
            "name_prefix": null,
            "owner_id": "799980351101",
            "revoke_rules_on_delete": false,
            "tags": {
              "Account": "799980351101",
              "InfraName": "k1",
              "Name": "control_group",
              "Owner": "arn:aws:iam::799980351101:user/david",
              "User": "AIDA3UQULNZ67DB2MUL5O",
              "infra_name": "k1"
            },
            "timeouts": null,
            "vpc_id": "vpc-06e8c8542dedb8178"
          },
          "private": "eyJlMmJmYjczMC1lY2FhLTExZTYtOGY4OC0zNDM2M2JjN2M0YzAiOnsiY3JlYXRlIjo2MDAwMDAwMDAwMDAsImRlbGV0ZSI6NjAwMDAwMDAwMDAwfSwic2NoZW1hX3ZlcnNpb24iOiIxIn0="
        }
      ]
    },
    {
      "mode": "managed",
      "type": "aws_security_group",
      "name": "default_group",
      "provider": "provider.aws",
      "instances": [
        {
          "schema_version": 1,
          "attributes": {
            "arn": "arn:aws:ec2:eu-west-2:799980351101:security-group/sg-0fd904215366b2aad",
            "description": "Default rules for k1 env",
            "egress": [
              {
                "cidr_blocks": [
                  "0.0.0.0/0"
                ],
                "description": "Default secure web services",
                "from_port": 443,
                "ipv6_cidr_blocks": [],
                "prefix_list_ids": [],
                "protocol": "tcp",
                "security_groups": [],
                "self": true,
                "to_port": 443
              },
              {
                "cidr_blocks": [
                  "0.0.0.0/0"
                ],
                "description": "Default web services",
                "from_port": 80,
                "ipv6_cidr_blocks": [],
                "prefix_list_ids": [],
                "protocol": "tcp",
                "security_groups": [],
                "self": true,
                "to_port": 80
              }
            ],
            "id": "sg-0fd904215366b2aad",
            "ingress": [
              {
                "cidr_blocks": [
                  "0.0.0.0/0"
                ],
                "description": "Default secure web access",
                "from_port": 443,
                "ipv6_cidr_blocks": [],
                "prefix_list_ids": [],
                "protocol": "tcp",
                "security_groups": [],
                "self": true,
                "to_port": 443
              },
              {
                "cidr_blocks": [
                  "0.0.0.0/0"
                ],
                "description": "Default web access",
                "from_port": 80,
                "ipv6_cidr_blocks": [],
                "prefix_list_ids": [],
                "protocol": "tcp",
                "security_groups": [],
                "self": true,
                "to_port": 80
              },
              {
                "cidr_blocks": [
                  "0.0.0.0/0"
                ],
                "description": "Server maintenance",
                "from_port": 22,
                "ipv6_cidr_blocks": [],
                "prefix_list_ids": [],
                "protocol": "tcp",
                "security_groups": [],
                "self": true,
                "to_port": 22
              }
            ],
            "name": "default_group",
            "name_prefix": null,
            "owner_id": "799980351101",
            "revoke_rules_on_delete": false,
            "tags": {
              "Account": "799980351101",
              "InfraName": "k1",
              "Name": "default_group",
              "Owner": "arn:aws:iam::799980351101:user/david",
              "User": "AIDA3UQULNZ67DB2MUL5O",
              "infra_name": "k1"
            },
            "timeouts": null,
            "vpc_id": "vpc-06e8c8542dedb8178"
          },
          "private": "eyJlMmJmYjczMC1lY2FhLTExZTYtOGY4OC0zNDM2M2JjN2M0YzAiOnsiY3JlYXRlIjo2MDAwMDAwMDAwMDAsImRlbGV0ZSI6NjAwMDAwMDAwMDAwfSwic2NoZW1hX3ZlcnNpb24iOiIxIn0="
        }
      ]
    },
    {
      "mode": "managed",
      "type": "aws_security_group",
      "name": "worker_group",
      "provider": "provider.aws",
      "instances": [
        {
          "schema_version": 1,
          "attributes": {
            "arn": "arn:aws:ec2:eu-west-2:799980351101:security-group/sg-0a0bcf6d430465899",
            "description": "Kube Worker Group",
            "egress": [],
            "id": "sg-0a0bcf6d430465899",
            "ingress": [
              {
                "cidr_blocks": [
                  "0.0.0.0/0"
                ],
                "description": "Kubelet API",
                "from_port": 10250,
                "ipv6_cidr_blocks": [],
                "prefix_list_ids": [],
                "protocol": "tcp",
                "security_groups": [],
                "self": true,
                "to_port": 10250
              },
              {
                "cidr_blocks": [
                  "0.0.0.0/0"
                ],
                "description": "NodePort Services",
                "from_port": 30000,
                "ipv6_cidr_blocks": [],
                "prefix_list_ids": [],
                "protocol": "tcp",
                "security_groups": [],
                "self": true,
                "to_port": 32767
              }
            ],
            "name": "worker_group",
            "name_prefix": null,
            "owner_id": "799980351101",
            "revoke_rules_on_delete": false,
            "tags": {
              "Account": "799980351101",
              "InfraName": "k1",
              "Name": "worker_group",
              "Owner": "arn:aws:iam::799980351101:user/david",
              "User": "AIDA3UQULNZ67DB2MUL5O",
              "infra_name": "k1"
            },
            "timeouts": null,
            "vpc_id": "vpc-06e8c8542dedb8178"
          },
          "private": "eyJlMmJmYjczMC1lY2FhLTExZTYtOGY4OC0zNDM2M2JjN2M0YzAiOnsiY3JlYXRlIjo2MDAwMDAwMDAwMDAsImRlbGV0ZSI6NjAwMDAwMDAwMDAwfSwic2NoZW1hX3ZlcnNpb24iOiIxIn0="
        }
      ]
    },
    {
      "mode": "managed",
      "type": "aws_subnet",
      "name": "k1-private-subnet",
      "provider": "provider.aws",
      "instances": [
        {
          "schema_version": 1,
          "attributes": {
            "arn": "arn:aws:ec2:eu-west-2:799980351101:subnet/subnet-0e43e0fe0d0310d46",
            "assign_ipv6_address_on_creation": false,
            "availability_zone": "eu-west-2a",
            "availability_zone_id": "euw2-az2",
            "cidr_block": "10.0.2.0/24",
            "id": "subnet-0e43e0fe0d0310d46",
            "ipv6_cidr_block": "",
            "ipv6_cidr_block_association_id": "",
            "map_public_ip_on_launch": false,
            "outpost_arn": "",
            "owner_id": "799980351101",
            "tags": {
              "Account": "799980351101",
              "InfraName": "k1",
              "Name": "k1-private-subnet",
              "Owner": "arn:aws:iam::799980351101:user/david",
              "Type": "Private",
              "User": "AIDA3UQULNZ67DB2MUL5O",
              "infra_name": "k1"
            },
            "timeouts": null,
            "vpc_id": "vpc-06e8c8542dedb8178"
          },
          "private": "eyJlMmJmYjczMC1lY2FhLTExZTYtOGY4OC0zNDM2M2JjN2M0YzAiOnsiY3JlYXRlIjo2MDAwMDAwMDAwMDAsImRlbGV0ZSI6MTIwMDAwMDAwMDAwMH0sInNjaGVtYV92ZXJzaW9uIjoiMSJ9",
          "depends_on": [
            "module.aws-cloud2"
          ]
        }
      ]
    },
    {
      "mode": "managed",
      "type": "aws_subnet",
      "name": "k1-public-subnet",
      "provider": "provider.aws",
      "instances": [
        {
          "schema_version": 1,
          "attributes": {
            "arn": "arn:aws:ec2:eu-west-2:799980351101:subnet/subnet-01a191ae9e879f872",
            "assign_ipv6_address_on_creation": false,
            "availability_zone": "eu-west-2a",
            "availability_zone_id": "euw2-az2",
            "cidr_block": "10.0.1.0/24",
            "id": "subnet-01a191ae9e879f872",
            "ipv6_cidr_block": "",
            "ipv6_cidr_block_association_id": "",
            "map_public_ip_on_launch": true,
            "outpost_arn": "",
            "owner_id": "799980351101",
            "tags": {
              "Account": "799980351101",
              "InfraName": "k1",
              "Name": "k1-public-subnet",
              "Owner": "arn:aws:iam::799980351101:user/david",
              "Type": "Public",
              "User": "AIDA3UQULNZ67DB2MUL5O",
              "infra_name": "k1"
            },
            "timeouts": null,
            "vpc_id": "vpc-06e8c8542dedb8178"
          },
          "private": "eyJlMmJmYjczMC1lY2FhLTExZTYtOGY4OC0zNDM2M2JjN2M0YzAiOnsiY3JlYXRlIjo2MDAwMDAwMDAwMDAsImRlbGV0ZSI6MTIwMDAwMDAwMDAwMH0sInNjaGVtYV92ZXJzaW9uIjoiMSJ9",
          "depends_on": [
            "module.aws-cloud2"
          ]
        }
      ]
    },
    {
      "module": "module.aws-cloud2",
      "mode": "managed",
      "type": "aws_vpc",
      "name": "cloud",
      "provider": "provider.aws",
      "instances": [
        {
          "schema_version": 1,
          "attributes": {
            "arn": "arn:aws:ec2:eu-west-2:799980351101:vpc/vpc-06e8c8542dedb8178",
            "assign_generated_ipv6_cidr_block": false,
            "cidr_block": "10.0.0.0/16",
            "default_network_acl_id": "acl-061865527a647a7c0",
            "default_route_table_id": "rtb-059e5027786ee7196",
            "default_security_group_id": "sg-028c6d85495d9058a",
            "dhcp_options_id": "dopt-303b6f58",
            "enable_classiclink": null,
            "enable_classiclink_dns_support": null,
            "enable_dns_hostnames": true,
            "enable_dns_support": true,
            "id": "vpc-06e8c8542dedb8178",
            "instance_tenancy": "default",
            "ipv6_association_id": "",
            "ipv6_cidr_block": "",
            "main_route_table_id": "rtb-059e5027786ee7196",
            "owner_id": "799980351101",
            "tags": {
              "Account": "799980351101",
              "InfraName": "k1",
              "Name": "k1",
              "Owner": "arn:aws:iam::799980351101:user/david",
              "User": "AIDA3UQULNZ67DB2MUL5O"
            }
          },
          "private": "eyJzY2hlbWFfdmVyc2lvbiI6IjEifQ=="
        }
      ]
    }
  ]
}
