{
  "version": 4,
  "terraform_version": "0.12.3",
  "serial": 135,
  "lineage": "420b85dd-5e00-5bd4-cb76-01f07bd9cc90",
  "outputs": {},
  "resources": [
    {
      "module": "module.rhel_7_7-images",
      "mode": "data",
      "type": "aws_ami",
      "name": "machine",
      "provider": "provider.aws",
      "instances": [
        {
          "schema_version": 0,
          "attributes": {
            "architecture": "x86_64",
            "block_device_mappings": [
              {
                "device_name": "/dev/sda1",
                "ebs": {
                  "delete_on_termination": "true",
                  "encrypted": "false",
                  "iops": "0",
                  "snapshot_id": "snap-0c6f36b8fbf216c0e",
                  "volume_size": "10",
                  "volume_type": "gp2"
                },
                "no_device": "",
                "virtual_name": ""
              }
            ],
            "creation_date": "2019-11-19T15:36:01.000Z",
            "description": "Provided by Red Hat, Inc.",
            "executable_users": null,
            "filter": [
              {
                "name": "architecture",
                "values": [
                  "x86_64"
                ]
              },
              {
                "name": "name",
                "values": [
                  "RHEL-7.7*"
                ]
              },
              {
                "name": "root-device-type",
                "values": [
                  "ebs"
                ]
              },
              {
                "name": "virtualization-type",
                "values": [
                  "hvm"
                ]
              }
            ],
            "hypervisor": "xen",
            "id": "ami-0fb2dd0b481d4dc1a",
            "image_id": "ami-0fb2dd0b481d4dc1a",
            "image_location": "309956199498/RHEL-7.7_HVM-20191119-x86_64-2-Hourly2-GP2",
            "image_owner_alias": null,
            "image_type": "machine",
            "kernel_id": null,
            "most_recent": true,
            "name": "RHEL-7.7_HVM-20191119-x86_64-2-Hourly2-GP2",
            "name_regex": null,
            "owner_id": "309956199498",
            "owners": [
              "309956199498"
            ],
            "platform": null,
            "product_codes": [],
            "public": true,
            "ramdisk_id": null,
            "root_device_name": "/dev/sda1",
            "root_device_type": "ebs",
            "root_snapshot_id": "snap-0c6f36b8fbf216c0e",
            "sriov_net_support": "simple",
            "state": "available",
            "state_reason": {
              "code": "UNSET",
              "message": "UNSET"
            },
            "tags": {},
            "virtualization_type": "hvm"
          }
        }
      ]
    },
    {
      "module": "module.centos_7-images",
      "mode": "data",
      "type": "aws_ami",
      "name": "machine",
      "provider": "provider.aws",
      "instances": [
        {
          "schema_version": 0,
          "attributes": {
            "architecture": "x86_64",
            "block_device_mappings": [
              {
                "device_name": "/dev/sda1",
                "ebs": {
                  "delete_on_termination": "true",
                  "encrypted": "false",
                  "iops": "0",
                  "snapshot_id": "snap-0be413163598d62ab",
                  "volume_size": "10",
                  "volume_type": "gp2"
                },
                "no_device": "",
                "virtual_name": ""
              }
            ],
            "creation_date": "2019-11-07T08:54:15.000Z",
            "description": "[Copied ami-0a98fdf49fc62ac3e from us-east-1] CentOS7HIPAA-2019-09-09-20.21.25",
            "executable_users": null,
            "filter": [
              {
                "name": "architecture",
                "values": [
                  "x86_64"
                ]
              },
              {
                "name": "name",
                "values": [
                  "CentOS7*"
                ]
              },
              {
                "name": "root-device-type",
                "values": [
                  "ebs"
                ]
              },
              {
                "name": "virtualization-type",
                "values": [
                  "hvm"
                ]
              }
            ],
            "hypervisor": "xen",
            "id": "ami-0e793de95da2b76e7",
            "image_id": "ami-0e793de95da2b76e7",
            "image_location": "aws-marketplace/CentOS7HIPAA-2019-09-11-783af35a-af61-42ab-adc6-0ea499da5d73-ami-0ca1421b19c613118.4",
            "image_owner_alias": "aws-marketplace",
            "image_type": "machine",
            "kernel_id": null,
            "most_recent": true,
            "name": "CentOS7HIPAA-2019-09-11-783af35a-af61-42ab-adc6-0ea499da5d73-ami-0ca1421b19c613118.4",
            "name_regex": null,
            "owner_id": "679593333241",
            "owners": [
              "679593333241"
            ],
            "platform": null,
            "product_codes": [
              {
                "product_code_id": "748ttvomxbigo1cei8p9cpz03",
                "product_code_type": "marketplace"
              }
            ],
            "public": true,
            "ramdisk_id": null,
            "root_device_name": "/dev/sda1",
            "root_device_type": "ebs",
            "root_snapshot_id": "snap-0be413163598d62ab",
            "sriov_net_support": null,
            "state": "available",
            "state_reason": {
              "code": "UNSET",
              "message": "UNSET"
            },
            "tags": {},
            "virtualization_type": "hvm"
          }
        }
      ]
    },
    {
      "module": "module.aws-caller",
      "mode": "data",
      "type": "aws_caller_identity",
      "name": "current",
      "provider": "provider.aws",
      "instances": [
        {
          "schema_version": 0,
          "attributes": {
            "account_id": "799980351101",
            "arn": "arn:aws:iam::799980351101:user/david",
            "id": "2020-01-31 14:47:29.627146603 +0000 UTC",
            "user_id": "AIDA3UQULNZ67DB2MUL5O"
          }
        }
      ]
    },
    {
      "mode": "data",
      "type": "template_file",
      "name": "terraform_exposed_vars",
      "provider": "provider.template",
      "instances": [
        {
          "schema_version": 0,
          "attributes": {
            "filename": null,
            "id": "21656563d2f444447440129f0dac511ffe7daf15b98b9642ad7c3f62556166d6",
            "rendered": "# Expose terraform variables in the form Ansible can digest\nterraform_vars: {\n  't1': {\n    tnode_hosts: [\n\n      'ip-10-0-1-116.eu-west-2.compute.internal',\n\n    ] \n  }\n}",
            "template": "# Expose terraform variables in the form Ansible can digest\nterraform_vars: {\n  't1': {\n    tnode_hosts: [\n%{ for entry in split(\",\", t1_tnode_addresses) }\n      ${entry},\n%{ endfor }\n    ] \n  }\n}",
            "vars": {
              "t1_tnode_addresses": "'ip-10-0-1-116.eu-west-2.compute.internal'"
            }
          },
          "depends_on": [
            "aws_instance.t1_tnode_instance_1"
          ]
        }
      ]
    },
    {
      "mode": "data",
      "type": "template_file",
      "name": "terraform_secret_vars",
      "provider": "provider.template",
      "instances": [
        {
          "schema_version": 0,
          "attributes": {
            "filename": null,
            "id": "f0e58553e533850fd8e5ac608ebc0a5a5cb1124f45d673c8d6300c9b068c4a48",
            "rendered": "# Use API keys rather than instance roles so that tenant containers don't get\n# Openshift's EC2/EBS permissions\ninfra_cloudprovider_secrets: {\n  openshift_cloudprovider_aws_access_key: 'AKIA3UQULNZ6VQTUK5V5',\n  openshift_cloudprovider_aws_secret_key: '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'\n}\n",
            "template": "# Use API keys rather than instance roles so that tenant containers don't get\n# Openshift's EC2/EBS permissions\ninfra_cloudprovider_secrets: {\n  openshift_cloudprovider_aws_access_key: '${aws_access_key}',\n  openshift_cloudprovider_aws_secret_key: '${aws_secret_key}'\n}\n",
            "vars": {
              "aws_access_key": "AKIA3UQULNZ6VQTUK5V5",
              "aws_secret_key": "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"
            }
          },
          "depends_on": [
            "module.aws-iam"
          ]
        }
      ]
    },
    {
      "module": "module.aws-iam",
      "mode": "managed",
      "type": "aws_iam_access_key",
      "name": "application-aws-user",
      "provider": "provider.aws",
      "instances": [
        {
          "schema_version": 0,
          "attributes": {
            "encrypted_secret": null,
            "id": "AKIA3UQULNZ6VQTUK5V5",
            "key_fingerprint": null,
            "pgp_key": null,
            "secret": "CvRlk8j8yxSis3J1eNDxs1gwytZBzJS7ATAxu5Q7",
            "ses_smtp_password": "AgguwSHge2AYb7VwLXFatLonRqJK1XNCUK0oGbjZyu9m",
            "status": "Active",
            "user": "ansible-training-1-ansible-training-1-aws-user"
          },
          "private": "bnVsbA==",
          "depends_on": [
            "aws_iam_user.application-aws-user"
          ]
        }
      ]
    },
    {
      "module": "module.aws-iam",
      "mode": "managed",
      "type": "aws_iam_instance_profile",
      "name": "sts-instance-profile",
      "provider": "provider.aws",
      "instances": [
        {
          "schema_version": 0,
          "attributes": {
            "arn": "arn:aws:iam::799980351101:instance-profile/ansible-training-1-sts-instance-profile",
            "create_date": "2020-01-23T22:51:06Z",
            "id": "ansible-training-1-sts-instance-profile",
            "name": "ansible-training-1-sts-instance-profile",
            "name_prefix": null,
            "path": "/",
            "role": "ansible-training-1-sts-instance-role",
            "roles": [
              "ansible-training-1-sts-instance-role"
            ],
            "unique_id": "AIPA3UQULNZ6T2EENYRHO"
          },
          "private": "bnVsbA==",
          "depends_on": [
            "aws_iam_role.sts-instance-role"
          ]
        }
      ]
    },
    {
      "module": "module.aws-iam",
      "mode": "managed",
      "type": "aws_iam_policy",
      "name": "application-policy-forward-logs",
      "provider": "provider.aws",
      "instances": [
        {
          "schema_version": 0,
          "attributes": {
            "arn": "arn:aws:iam::799980351101:policy/ansible-training-1-ansible-training-1-instance-forward-logs",
            "description": "Allows an instance to forward logs to CloudWatch",
            "id": "arn:aws:iam::799980351101:policy/ansible-training-1-ansible-training-1-instance-forward-logs",
            "name": "ansible-training-1-ansible-training-1-instance-forward-logs",
            "name_prefix": null,
            "path": "/",
            "policy": "{\n  \"Version\": \"2012-10-17\",\n  \"Statement\": [\n    {\n      \"Effect\": \"Allow\",\n      \"Action\": [\n        \"logs:CreateLogGroup\",\n        \"logs:CreateLogStream\",\n        \"logs:PutLogEvents\",\n        \"logs:DescribeLogStreams\"\n      ],\n      \"Resource\": [\n        \"arn:aws:logs:*:*:*\"\n      ]\n    }\n  ]\n}\n"
          },
          "private": "bnVsbA=="
        }
      ]
    },
    {
      "module": "module.aws-iam",
      "mode": "managed",
      "type": "aws_iam_policy_attachment",
      "name": "application-attachment-forward-logs",
      "provider": "provider.aws",
      "instances": [
        {
          "schema_version": 0,
          "attributes": {
            "groups": [],
            "id": "ansible-training-1-ansible-training-1-attachment-forward-logs",
            "name": "ansible-training-1-ansible-training-1-attachment-forward-logs",
            "policy_arn": "arn:aws:iam::799980351101:policy/ansible-training-1-ansible-training-1-instance-forward-logs",
            "roles": [
              "ansible-training-1-sts-instance-role"
            ],
            "users": []
          },
          "private": "bnVsbA==",
          "depends_on": [
            "aws_iam_policy.application-policy-forward-logs",
            "aws_iam_role.sts-instance-role"
          ]
        }
      ]
    },
    {
      "module": "module.aws-iam",
      "mode": "managed",
      "type": "aws_iam_role",
      "name": "sts-instance-role",
      "provider": "provider.aws",
      "instances": [
        {
          "schema_version": 0,
          "attributes": {
            "arn": "arn:aws:iam::799980351101:role/ansible-training-1-sts-instance-role",
            "assume_role_policy": "{\"Version\":\"2012-10-17\",\"Statement\":[{\"Sid\":\"\",\"Effect\":\"Allow\",\"Principal\":{\"Service\":\"ec2.amazonaws.com\"},\"Action\":\"sts:AssumeRole\"}]}",
            "create_date": "2020-01-23T22:51:05Z",
            "description": "",
            "force_detach_policies": false,
            "id": "ansible-training-1-sts-instance-role",
            "max_session_duration": 3600,
            "name": "ansible-training-1-sts-instance-role",
            "name_prefix": null,
            "path": "/",
            "permissions_boundary": null,
            "tags": {
              "Account": "799980351101",
              "InfraName": "ansible-training-1",
              "Owner": "arn:aws:iam::799980351101:user/david",
              "User": "AIDA3UQULNZ67DB2MUL5O"
            },
            "unique_id": "AROA3UQULNZ6U334LC245"
          },
          "private": "bnVsbA=="
        }
      ]
    },
    {
      "module": "module.aws-iam",
      "mode": "managed",
      "type": "aws_iam_user",
      "name": "application-aws-user",
      "provider": "provider.aws",
      "instances": [
        {
          "schema_version": 0,
          "attributes": {
            "arn": "arn:aws:iam::799980351101:user/ansible-training-1-ansible-training-1-aws-user",
            "force_destroy": false,
            "id": "ansible-training-1-ansible-training-1-aws-user",
            "name": "ansible-training-1-ansible-training-1-aws-user",
            "path": "/",
            "permissions_boundary": null,
            "tags": {
              "Account": "799980351101",
              "InfraName": "ansible-training-1",
              "Owner": "arn:aws:iam::799980351101:user/david",
              "User": "AIDA3UQULNZ67DB2MUL5O"
            },
            "unique_id": "AIDA3UQULNZ6UYAUB7PLA"
          },
          "private": "bnVsbA=="
        }
      ]
    },
    {
      "module": "module.aws-iam",
      "mode": "managed",
      "type": "aws_iam_user_policy",
      "name": "application-aws-user",
      "provider": "provider.aws",
      "instances": [
        {
          "schema_version": 0,
          "attributes": {
            "id": "ansible-training-1-ansible-training-1-aws-user:ansible-training-1-ansible-training-1-aws-user-policy",
            "name": "ansible-training-1-ansible-training-1-aws-user-policy",
            "name_prefix": null,
            "policy": "{\n  \"Version\": \"2012-10-17\",\n  \"Statement\": [\n    {\n      \"Effect\": \"Allow\",\n      \"Action\": [\n        \"ec2:DescribeVolume*\",\n        \"ec2:CreateVolume\",\n        \"ec2:CreateTags\",\n        \"ec2:DescribeInstance*\",\n        \"ec2:AttachVolume\",\n        \"ec2:DetachVolume\",\n        \"ec2:DeleteVolume\",\n        \"ec2:DescribeSubnets\",\n        \"ec2:CreateSecurityGroup\",\n        \"ec2:DescribeSecurityGroups\",\n        \"ec2:DescribeRouteTables\",\n        \"ec2:AuthorizeSecurityGroupIngress\",\n        \"ec2:RevokeSecurityGroupIngress\",\n        \"elasticloadbalancing:DescribeTags\",\n        \"elasticloadbalancing:CreateLoadBalancerListeners\",\n        \"elasticloadbalancing:ConfigureHealthCheck\",\n        \"elasticloadbalancing:DeleteLoadBalancerListeners\",\n        \"elasticloadbalancing:RegisterInstancesWithLoadBalancer\",\n        \"elasticloadbalancing:DescribeLoadBalancers\",\n        \"elasticloadbalancing:CreateLoadBalancer\",\n        \"elasticloadbalancing:DeleteLoadBalancer\",\n        \"elasticloadbalancing:ModifyLoadBalancerAttributes\",\n        \"elasticloadbalancing:DescribeLoadBalancerAttributes\"\n      ],\n      \"Resource\": \"*\"\n    }\n  ]\n}\n",
            "user": "ansible-training-1-ansible-training-1-aws-user"
          },
          "private": "bnVsbA==",
          "depends_on": [
            "aws_iam_user.application-aws-user"
          ]
        }
      ]
    },
    {
      "mode": "managed",
      "type": "aws_instance",
      "name": "t1_tnode_instance_1",
      "provider": "provider.aws",
      "instances": [
        {
          "schema_version": 1,
          "attributes": {
            "ami": "ami-0fb2dd0b481d4dc1a",
            "arn": "arn:aws:ec2:eu-west-2:799980351101:instance/i-0d7c94a5f3f595110",
            "associate_public_ip_address": true,
            "availability_zone": "eu-west-2a",
            "cpu_core_count": 1,
            "cpu_threads_per_core": 1,
            "credit_specification": [
              {
                "cpu_credits": "standard"
              }
            ],
            "disable_api_termination": false,
            "ebs_block_device": [
              {
                "delete_on_termination": true,
                "device_name": "/dev/sdf",
                "encrypted": false,
                "iops": 100,
                "kms_key_id": "",
                "snapshot_id": "",
                "volume_id": "vol-07418a3cd52506b41",
                "volume_size": 5,
                "volume_type": "gp2"
              }
            ],
            "ebs_optimized": false,
            "ephemeral_block_device": [],
            "get_password_data": false,
            "host_id": null,
            "iam_instance_profile": "ansible-training-1-sts-instance-profile",
            "id": "i-0d7c94a5f3f595110",
            "instance_initiated_shutdown_behavior": null,
            "instance_state": "running",
            "instance_type": "t2.micro",
            "ipv6_address_count": 0,
            "ipv6_addresses": [],
            "key_name": "ansible-training-1-sshkey",
            "monitoring": false,
            "network_interface": [],
            "network_interface_id": null,
            "password_data": "",
            "placement_group": "",
            "primary_network_interface_id": "eni-0e113ac93b47f0989",
            "private_dns": "ip-10-0-1-116.eu-west-2.compute.internal",
            "private_ip": "10.0.1.116",
            "public_dns": "ec2-35-176-68-157.eu-west-2.compute.amazonaws.com",
            "public_ip": "35.176.68.157",
            "root_block_device": [
              {
                "delete_on_termination": true,
                "encrypted": false,
                "iops": 100,
                "kms_key_id": "",
                "volume_id": "vol-035c72cb06b4dd591",
                "volume_size": 20,
                "volume_type": "gp2"
              }
            ],
            "security_groups": [],
            "source_dest_check": true,
            "subnet_id": "subnet-088f5cc591ad1fdb7",
            "tags": {
              "Account": "799980351101",
              "InfraName": "ansible-training-1",
              "Name": "t1-tnode1.at.local",
              "Owner": "arn:aws:iam::799980351101:user/david",
              "User": "AIDA3UQULNZ67DB2MUL5O"
            },
            "tenancy": "default",
            "timeouts": null,
            "user_data": null,
            "user_data_base64": null,
            "volume_tags": {},
            "vpc_security_group_ids": [
              "sg-02c540db735e3f520",
              "sg-02f73de6f2bc112e4",
              "sg-0b2f74f27710028f9",
              "sg-0f9f60fde064a3cce"
            ]
          },
          "private": "eyJlMmJmYjczMC1lY2FhLTExZTYtOGY4OC0zNDM2M2JjN2M0YzAiOnsiY3JlYXRlIjo2MDAwMDAwMDAwMDAsImRlbGV0ZSI6MTIwMDAwMDAwMDAwMCwidXBkYXRlIjo2MDAwMDAwMDAwMDB9LCJzY2hlbWFfdmVyc2lvbiI6IjEifQ==",
          "depends_on": [
            "aws_security_group.t1_security_group",
            "aws_subnet.t1_public_subnet",
            "module.aws-cloud",
            "module.aws-iam",
            "module.rhel_7_7-images"
          ]
        }
      ]
    },
    {
      "mode": "managed",
      "type": "aws_instance",
      "name": "t1_tnode_instance_2",
      "provider": "provider.aws",
      "instances": [
        {
          "schema_version": 1,
          "attributes": {
            "ami": "ami-0fb2dd0b481d4dc1a",
            "arn": "arn:aws:ec2:eu-west-2:799980351101:instance/i-0655c48dd5eaf5f68",
            "associate_public_ip_address": true,
            "availability_zone": "eu-west-2a",
            "cpu_core_count": 1,
            "cpu_threads_per_core": 1,
            "credit_specification": [
              {
                "cpu_credits": "standard"
              }
            ],
            "disable_api_termination": false,
            "ebs_block_device": [
              {
                "delete_on_termination": true,
                "device_name": "/dev/sdf",
                "encrypted": false,
                "iops": 100,
                "kms_key_id": "",
                "snapshot_id": "",
                "volume_id": "vol-0b26ea7d401bc32ba",
                "volume_size": 5,
                "volume_type": "gp2"
              }
            ],
            "ebs_optimized": false,
            "ephemeral_block_device": [],
            "get_password_data": false,
            "host_id": null,
            "iam_instance_profile": "ansible-training-1-sts-instance-profile",
            "id": "i-0655c48dd5eaf5f68",
            "instance_initiated_shutdown_behavior": null,
            "instance_state": "running",
            "instance_type": "t2.micro",
            "ipv6_address_count": 0,
            "ipv6_addresses": [],
            "key_name": "ansible-training-1-sshkey",
            "monitoring": false,
            "network_interface": [],
            "network_interface_id": null,
            "password_data": "",
            "placement_group": "",
            "primary_network_interface_id": "eni-062cf17e284435c43",
            "private_dns": "ip-10-0-1-234.eu-west-2.compute.internal",
            "private_ip": "10.0.1.234",
            "public_dns": "ec2-3-10-234-45.eu-west-2.compute.amazonaws.com",
            "public_ip": "3.10.234.45",
            "root_block_device": [
              {
                "delete_on_termination": true,
                "encrypted": false,
                "iops": 100,
                "kms_key_id": "",
                "volume_id": "vol-0cd9227abe2caadfa",
                "volume_size": 20,
                "volume_type": "gp2"
              }
            ],
            "security_groups": [],
            "source_dest_check": true,
            "subnet_id": "subnet-088f5cc591ad1fdb7",
            "tags": {
              "Account": "799980351101",
              "InfraName": "ansible-training-1",
              "Name": "t1-tnode2.at.local",
              "Owner": "arn:aws:iam::799980351101:user/david",
              "User": "AIDA3UQULNZ67DB2MUL5O"
            },
            "tenancy": "default",
            "timeouts": null,
            "user_data": null,
            "user_data_base64": null,
            "volume_tags": {},
            "vpc_security_group_ids": [
              "sg-02c540db735e3f520",
              "sg-02f73de6f2bc112e4",
              "sg-0b2f74f27710028f9",
              "sg-0f9f60fde064a3cce"
            ]
          },
          "private": "eyJlMmJmYjczMC1lY2FhLTExZTYtOGY4OC0zNDM2M2JjN2M0YzAiOnsiY3JlYXRlIjo2MDAwMDAwMDAwMDAsImRlbGV0ZSI6MTIwMDAwMDAwMDAwMCwidXBkYXRlIjo2MDAwMDAwMDAwMDB9LCJzY2hlbWFfdmVyc2lvbiI6IjEifQ==",
          "depends_on": [
            "aws_security_group.t1_security_group",
            "aws_subnet.t1_public_subnet",
            "module.aws-cloud",
            "module.aws-iam",
            "module.rhel_7_7-images"
          ]
        }
      ]
    },
    {
      "mode": "managed",
      "type": "aws_instance",
      "name": "t1_tnode_instance_3",
      "provider": "provider.aws",
      "instances": [
        {
          "schema_version": 1,
          "attributes": {
            "ami": "ami-0fb2dd0b481d4dc1a",
            "arn": "arn:aws:ec2:eu-west-2:799980351101:instance/i-0899684231b36bc47",
            "associate_public_ip_address": true,
            "availability_zone": "eu-west-2a",
            "cpu_core_count": 1,
            "cpu_threads_per_core": 1,
            "credit_specification": [
              {
                "cpu_credits": "standard"
              }
            ],
            "disable_api_termination": false,
            "ebs_block_device": [
              {
                "delete_on_termination": true,
                "device_name": "/dev/sdf",
                "encrypted": false,
                "iops": 100,
                "kms_key_id": "",
                "snapshot_id": "",
                "volume_id": "vol-0dbed312c0bd05ddf",
                "volume_size": 5,
                "volume_type": "gp2"
              }
            ],
            "ebs_optimized": false,
            "ephemeral_block_device": [],
            "get_password_data": false,
            "host_id": null,
            "iam_instance_profile": "ansible-training-1-sts-instance-profile",
            "id": "i-0899684231b36bc47",
            "instance_initiated_shutdown_behavior": null,
            "instance_state": "running",
            "instance_type": "t2.micro",
            "ipv6_address_count": 0,
            "ipv6_addresses": [],
            "key_name": "ansible-training-1-sshkey",
            "monitoring": false,
            "network_interface": [],
            "network_interface_id": null,
            "password_data": "",
            "placement_group": "",
            "primary_network_interface_id": "eni-072ef444db87ab5d7",
            "private_dns": "ip-10-0-1-149.eu-west-2.compute.internal",
            "private_ip": "10.0.1.149",
            "public_dns": "ec2-3-10-235-95.eu-west-2.compute.amazonaws.com",
            "public_ip": "3.10.235.95",
            "root_block_device": [
              {
                "delete_on_termination": true,
                "encrypted": false,
                "iops": 100,
                "kms_key_id": "",
                "volume_id": "vol-061d432869694b3da",
                "volume_size": 20,
                "volume_type": "gp2"
              }
            ],
            "security_groups": [],
            "source_dest_check": true,
            "subnet_id": "subnet-088f5cc591ad1fdb7",
            "tags": {
              "Account": "799980351101",
              "InfraName": "ansible-training-1",
              "Name": "t1-tnode3.at.local",
              "Owner": "arn:aws:iam::799980351101:user/david",
              "User": "AIDA3UQULNZ67DB2MUL5O"
            },
            "tenancy": "default",
            "timeouts": null,
            "user_data": null,
            "user_data_base64": null,
            "volume_tags": {},
            "vpc_security_group_ids": [
              "sg-02c540db735e3f520",
              "sg-02f73de6f2bc112e4",
              "sg-0b2f74f27710028f9",
              "sg-0f9f60fde064a3cce"
            ]
          },
          "private": "eyJlMmJmYjczMC1lY2FhLTExZTYtOGY4OC0zNDM2M2JjN2M0YzAiOnsiY3JlYXRlIjo2MDAwMDAwMDAwMDAsImRlbGV0ZSI6MTIwMDAwMDAwMDAwMCwidXBkYXRlIjo2MDAwMDAwMDAwMDB9LCJzY2hlbWFfdmVyc2lvbiI6IjEifQ==",
          "depends_on": [
            "aws_security_group.t1_security_group",
            "aws_subnet.t1_public_subnet",
            "module.aws-cloud",
            "module.aws-iam",
            "module.rhel_7_7-images"
          ]
        }
      ]
    },
    {
      "module": "module.aws-cloud",
      "mode": "managed",
      "type": "aws_internet_gateway",
      "name": "default_gateway",
      "provider": "provider.aws",
      "instances": [
        {
          "schema_version": 0,
          "attributes": {
            "id": "igw-0e000cb3ebfc520c6",
            "owner_id": "799980351101",
            "tags": {
              "Account": "799980351101",
              "InfraName": "ansible-training-1",
              "Owner": "arn:aws:iam::799980351101:user/david",
              "User": "AIDA3UQULNZ67DB2MUL5O"
            },
            "vpc_id": "vpc-04a9e7d2102cc9c12"
          },
          "private": "bnVsbA==",
          "depends_on": [
            "aws_vpc.cloud"
          ]
        }
      ]
    },
    {
      "mode": "managed",
      "type": "aws_key_pair",
      "name": "keypair",
      "provider": "provider.aws",
      "instances": [
        {
          "schema_version": 1,
          "attributes": {
            "fingerprint": "9f:8f:8e:6b:7b:71:85:6e:a7:f4:90:34:56:37:74:6b",
            "id": "ansible-training-1-sshkey",
            "key_name": "ansible-training-1-sshkey",
            "key_name_prefix": null,
            "public_key": "ssh-rsa AAAAB3NzaC1yc2EAAAADAQABAAABAQDssUgOhHFwp1stu1uKxbiP4al4V0UWU5hthowJjPyAyLj04pIHa1QziB016Fa/eSimOMUZxlOk5klnPTb6CZkGwRvYuKEdkfifrAQZ9/wTFMnPMiu4HuG1OfP6oDd8Uw/KIGHEQECiCQ3zc9NVSd1ZB9XVwCU/Liz6MP3zJW93Q5Tz1mjNsvnZarGVQD4l+nmxtzPhQmqEfUVjRQ12lCstGH/m5APNQ8/t5AzCDysIxUnl5e4uMf2n9kh92vi4apSOpqkXQksh1gsXtwxvKaNXxz3WwRw/fcJTaCOXXwdxagEKK298QmEe25ItTEw7zrQN5Llh5MpUc0q+BrbELDCt"
          },
          "private": "eyJzY2hlbWFfdmVyc2lvbiI6IjEifQ=="
        }
      ]
    },
    {
      "module": "module.aws-cloud",
      "mode": "managed",
      "type": "aws_route_table",
      "name": "public_route",
      "provider": "provider.aws",
      "instances": [
        {
          "schema_version": 0,
          "attributes": {
            "id": "rtb-0f7daa22e88e166ae",
            "owner_id": "799980351101",
            "propagating_vgws": [],
            "route": [
              {
                "cidr_block": "0.0.0.0/0",
                "egress_only_gateway_id": "",
                "gateway_id": "igw-0e000cb3ebfc520c6",
                "instance_id": "",
                "ipv6_cidr_block": "",
                "nat_gateway_id": "",
                "network_interface_id": "",
                "transit_gateway_id": "",
                "vpc_peering_connection_id": ""
              }
            ],
            "tags": {
              "Account": "799980351101",
              "InfraName": "ansible-training-1",
              "Owner": "arn:aws:iam::799980351101:user/david",
              "User": "AIDA3UQULNZ67DB2MUL5O"
            },
            "vpc_id": "vpc-04a9e7d2102cc9c12"
          },
          "private": "bnVsbA==",
          "depends_on": [
            "aws_internet_gateway.default_gateway",
            "aws_vpc.cloud"
          ]
        }
      ]
    },
    {
      "mode": "managed",
      "type": "aws_route_table_association",
      "name": "t1_public_subnet_asoc",
      "provider": "provider.aws",
      "instances": [
        {
          "schema_version": 0,
          "attributes": {
            "gateway_id": null,
            "id": "rtbassoc-045f79c7a438cd4a5",
            "route_table_id": "rtb-0f7daa22e88e166ae",
            "subnet_id": "subnet-088f5cc591ad1fdb7"
          },
          "private": "bnVsbA==",
          "depends_on": [
            "aws_subnet.t1_public_subnet",
            "module.aws-cloud"
          ]
        }
      ]
    },
    {
      "module": "module.aws-cloud",
      "mode": "managed",
      "type": "aws_security_group",
      "name": "cloud-ssh",
      "provider": "provider.aws",
      "instances": [
        {
          "schema_version": 1,
          "attributes": {
            "arn": "arn:aws:ec2:eu-west-2:799980351101:security-group/sg-02c540db735e3f520",
            "description": "Security group that allows public ingress over SSH.",
            "egress": [],
            "id": "sg-02c540db735e3f520",
            "ingress": [
              {
                "cidr_blocks": [
                  "0.0.0.0/0"
                ],
                "description": "",
                "from_port": 22,
                "ipv6_cidr_blocks": [],
                "prefix_list_ids": [],
                "protocol": "tcp",
                "security_groups": [],
                "self": false,
                "to_port": 22
              }
            ],
            "name": "cloud-ssh",
            "name_prefix": null,
            "owner_id": "799980351101",
            "revoke_rules_on_delete": false,
            "tags": {
              "Account": "799980351101",
              "InfraName": "ansible-training-1",
              "Owner": "arn:aws:iam::799980351101:user/david",
              "User": "AIDA3UQULNZ67DB2MUL5O"
            },
            "timeouts": null,
            "vpc_id": "vpc-04a9e7d2102cc9c12"
          },
          "private": "eyJlMmJmYjczMC1lY2FhLTExZTYtOGY4OC0zNDM2M2JjN2M0YzAiOnsiY3JlYXRlIjo2MDAwMDAwMDAwMDAsImRlbGV0ZSI6NjAwMDAwMDAwMDAwfSwic2NoZW1hX3ZlcnNpb24iOiIxIn0=",
          "depends_on": [
            "aws_vpc.cloud"
          ]
        }
      ]
    },
    {
      "mode": "managed",
      "type": "aws_security_group",
      "name": "t1_security_group",
      "provider": "provider.aws",
      "instances": [
        {
          "schema_version": 1,
          "attributes": {
            "arn": "arn:aws:ec2:eu-west-2:799980351101:security-group/sg-02f73de6f2bc112e4",
            "description": "Network rules for t1 env",
            "egress": [
              {
                "cidr_blocks": [
                  "10.0.1.0/24"
                ],
                "description": "",
                "from_port": 0,
                "ipv6_cidr_blocks": [],
                "prefix_list_ids": [],
                "protocol": "-1",
                "security_groups": [],
                "self": true,
                "to_port": 0
              }
            ],
            "id": "sg-02f73de6f2bc112e4",
            "ingress": [
              {
                "cidr_blocks": [
                  "10.0.1.0/24"
                ],
                "description": "",
                "from_port": 0,
                "ipv6_cidr_blocks": [],
                "prefix_list_ids": [],
                "protocol": "-1",
                "security_groups": [],
                "self": true,
                "to_port": 0
              }
            ],
            "name": "t1_security_group",
            "name_prefix": null,
            "owner_id": "799980351101",
            "revoke_rules_on_delete": false,
            "tags": {
              "Account": "799980351101",
              "InfraName": "ansible-training-1",
              "Name": "t1_security_group",
              "Owner": "arn:aws:iam::799980351101:user/david",
              "User": "AIDA3UQULNZ67DB2MUL5O",
              "infra_name": "ansible-training-1"
            },
            "timeouts": null,
            "vpc_id": "vpc-04a9e7d2102cc9c12"
          },
          "private": "eyJlMmJmYjczMC1lY2FhLTExZTYtOGY4OC0zNDM2M2JjN2M0YzAiOnsiY3JlYXRlIjo2MDAwMDAwMDAwMDAsImRlbGV0ZSI6NjAwMDAwMDAwMDAwfSwic2NoZW1hX3ZlcnNpb24iOiIxIn0=",
          "depends_on": [
            "module.aws-cloud"
          ]
        }
      ]
    },
    {
      "module": "module.aws-cloud",
      "mode": "managed",
      "type": "aws_security_group",
      "name": "web-public-egress",
      "provider": "provider.aws",
      "instances": [
        {
          "schema_version": 1,
          "attributes": {
            "arn": "arn:aws:ec2:eu-west-2:799980351101:security-group/sg-0b2f74f27710028f9",
            "description": "Security group that allows egress to the internet for instances over HTTP and HTTPS.",
            "egress": [
              {
                "cidr_blocks": [
                  "0.0.0.0/0"
                ],
                "description": "",
                "from_port": 443,
                "ipv6_cidr_blocks": [],
                "prefix_list_ids": [],
                "protocol": "tcp",
                "security_groups": [],
                "self": false,
                "to_port": 443
              },
              {
                "cidr_blocks": [
                  "0.0.0.0/0"
                ],
                "description": "",
                "from_port": 80,
                "ipv6_cidr_blocks": [],
                "prefix_list_ids": [],
                "protocol": "tcp",
                "security_groups": [],
                "self": false,
                "to_port": 80
              }
            ],
            "id": "sg-0b2f74f27710028f9",
            "ingress": [],
            "name": "web-public-egress",
            "name_prefix": null,
            "owner_id": "799980351101",
            "revoke_rules_on_delete": false,
            "tags": {
              "Account": "799980351101",
              "InfraName": "ansible-training-1",
              "Owner": "arn:aws:iam::799980351101:user/david",
              "User": "AIDA3UQULNZ67DB2MUL5O"
            },
            "timeouts": null,
            "vpc_id": "vpc-04a9e7d2102cc9c12"
          },
          "private": "eyJlMmJmYjczMC1lY2FhLTExZTYtOGY4OC0zNDM2M2JjN2M0YzAiOnsiY3JlYXRlIjo2MDAwMDAwMDAwMDAsImRlbGV0ZSI6NjAwMDAwMDAwMDAwfSwic2NoZW1hX3ZlcnNpb24iOiIxIn0=",
          "depends_on": [
            "aws_vpc.cloud"
          ]
        }
      ]
    },
    {
      "module": "module.aws-cloud",
      "mode": "managed",
      "type": "aws_security_group",
      "name": "web-public-ingress",
      "provider": "provider.aws",
      "instances": [
        {
          "schema_version": 1,
          "attributes": {
            "arn": "arn:aws:ec2:eu-west-2:799980351101:security-group/sg-0f9f60fde064a3cce",
            "description": "Security group that allows public ingress to instances, HTTP, HTTPS and more.",
            "egress": [],
            "id": "sg-0f9f60fde064a3cce",
            "ingress": [
              {
                "cidr_blocks": [
                  "0.0.0.0/0"
                ],
                "description": "",
                "from_port": 443,
                "ipv6_cidr_blocks": [],
                "prefix_list_ids": [],
                "protocol": "tcp",
                "security_groups": [],
                "self": false,
                "to_port": 443
              },
              {
                "cidr_blocks": [
                  "0.0.0.0/0"
                ],
                "description": "",
                "from_port": 8080,
                "ipv6_cidr_blocks": [],
                "prefix_list_ids": [],
                "protocol": "tcp",
                "security_groups": [],
                "self": false,
                "to_port": 8080
              },
              {
                "cidr_blocks": [
                  "0.0.0.0/0"
                ],
                "description": "",
                "from_port": 80,
                "ipv6_cidr_blocks": [],
                "prefix_list_ids": [],
                "protocol": "tcp",
                "security_groups": [],
                "self": false,
                "to_port": 80
              },
              {
                "cidr_blocks": [
                  "0.0.0.0/0"
                ],
                "description": "",
                "from_port": 8443,
                "ipv6_cidr_blocks": [],
                "prefix_list_ids": [],
                "protocol": "tcp",
                "security_groups": [],
                "self": false,
                "to_port": 8443
              }
            ],
            "name": "web-public-ingress",
            "name_prefix": null,
            "owner_id": "799980351101",
            "revoke_rules_on_delete": false,
            "tags": {
              "Account": "799980351101",
              "InfraName": "ansible-training-1",
              "Owner": "arn:aws:iam::799980351101:user/david",
              "User": "AIDA3UQULNZ67DB2MUL5O"
            },
            "timeouts": null,
            "vpc_id": "vpc-04a9e7d2102cc9c12"
          },
          "private": "eyJlMmJmYjczMC1lY2FhLTExZTYtOGY4OC0zNDM2M2JjN2M0YzAiOnsiY3JlYXRlIjo2MDAwMDAwMDAwMDAsImRlbGV0ZSI6NjAwMDAwMDAwMDAwfSwic2NoZW1hX3ZlcnNpb24iOiIxIn0=",
          "depends_on": [
            "aws_vpc.cloud"
          ]
        }
      ]
    },
    {
      "mode": "managed",
      "type": "aws_subnet",
      "name": "t1_public_subnet",
      "provider": "provider.aws",
      "instances": [
        {
          "schema_version": 1,
          "attributes": {
            "arn": "arn:aws:ec2:eu-west-2:799980351101:subnet/subnet-088f5cc591ad1fdb7",
            "assign_ipv6_address_on_creation": false,
            "availability_zone": "eu-west-2a",
            "availability_zone_id": "euw2-az2",
            "cidr_block": "10.0.1.0/24",
            "id": "subnet-088f5cc591ad1fdb7",
            "ipv6_cidr_block": "",
            "ipv6_cidr_block_association_id": "",
            "map_public_ip_on_launch": true,
            "owner_id": "799980351101",
            "tags": {
              "Account": "799980351101",
              "InfraName": "ansible-training-1",
              "Name": "Ansible Training 1 env",
              "Owner": "arn:aws:iam::799980351101:user/david",
              "Type": "Public",
              "User": "AIDA3UQULNZ67DB2MUL5O",
              "infra_name": "ansible-training-1"
            },
            "timeouts": null,
            "vpc_id": "vpc-04a9e7d2102cc9c12"
          },
          "private": "eyJlMmJmYjczMC1lY2FhLTExZTYtOGY4OC0zNDM2M2JjN2M0YzAiOnsiY3JlYXRlIjo2MDAwMDAwMDAwMDAsImRlbGV0ZSI6MTIwMDAwMDAwMDAwMH0sInNjaGVtYV92ZXJzaW9uIjoiMSJ9",
          "depends_on": [
            "module.aws-cloud"
          ]
        }
      ]
    },
    {
      "module": "module.aws-cloud",
      "mode": "managed",
      "type": "aws_vpc",
      "name": "cloud",
      "provider": "provider.aws",
      "instances": [
        {
          "schema_version": 1,
          "attributes": {
            "arn": "arn:aws:ec2:eu-west-2:799980351101:vpc/vpc-04a9e7d2102cc9c12",
            "assign_generated_ipv6_cidr_block": false,
            "cidr_block": "10.0.0.0/16",
            "default_network_acl_id": "acl-0d4bc3e5948dd30ed",
            "default_route_table_id": "rtb-0538580d1340b9ab5",
            "default_security_group_id": "sg-03d4bed675c5738a5",
            "dhcp_options_id": "dopt-303b6f58",
            "enable_classiclink": null,
            "enable_classiclink_dns_support": null,
            "enable_dns_hostnames": true,
            "enable_dns_support": true,
            "id": "vpc-04a9e7d2102cc9c12",
            "instance_tenancy": "default",
            "ipv6_association_id": "",
            "ipv6_cidr_block": "",
            "main_route_table_id": "rtb-0538580d1340b9ab5",
            "owner_id": "799980351101",
            "tags": {
              "Account": "799980351101",
              "InfraName": "ansible-training-1",
              "Name": "Ansible Training Env",
              "Owner": "arn:aws:iam::799980351101:user/david",
              "User": "AIDA3UQULNZ67DB2MUL5O"
            }
          },
          "private": "eyJzY2hlbWFfdmVyc2lvbiI6IjEifQ=="
        }
      ]
    },
    {
      "mode": "managed",
      "type": "local_file",
      "name": "terraform_exposed_vars_yml",
      "provider": "provider.local",
      "instances": [
        {
          "schema_version": 0,
          "attributes": {
            "content": "# Expose terraform variables in the form Ansible can digest\nterraform_vars: {\n  't1': {\n    tnode_hosts: [\n\n      'ip-10-0-1-116.eu-west-2.compute.internal',\n\n    ] \n  }\n}",
            "content_base64": null,
            "directory_permission": "0777",
            "file_permission": "0777",
            "filename": "/home/davids/code/westdart/ansible-training/ansible/generated/aws-ansible-training-environment/terraform_exposed_vars.yml",
            "id": "8800faba4a530a1d5d62f313e7b73b96768c7d23",
            "sensitive_content": null
          },
          "private": "bnVsbA==",
          "depends_on": [
            "data.template_file.terraform_exposed_vars"
          ]
        }
      ]
    },
    {
      "mode": "managed",
      "type": "local_file",
      "name": "terraform_secret_vars_yml",
      "provider": "provider.local",
      "instances": [
        {
          "schema_version": 0,
          "attributes": {
            "content": "# Use API keys rather than instance roles so that tenant containers don't get\n# Openshift's EC2/EBS permissions\ninfra_cloudprovider_secrets: {\n  openshift_cloudprovider_aws_access_key: 'AKIA3UQULNZ6VQTUK5V5',\n  openshift_cloudprovider_aws_secret_key: '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'\n}\n",
            "content_base64": null,
            "directory_permission": "0777",
            "file_permission": "0777",
            "filename": "/home/davids/code/westdart/ansible-training/ansible/generated/aws-ansible-training-environment/terraform_secret_vars.yml",
            "id": "8fe06d7871a78f006c324fc2516f4f6279dad7b4",
            "sensitive_content": null
          },
          "private": "bnVsbA==",
          "depends_on": [
            "data.template_file.terraform_secret_vars"
          ]
        }
      ]
    }
  ]
}
