{
  "version": 4,
  "terraform_version": "0.12.3",
  "serial": 23,
  "lineage": "a241c4af-ee4a-4eba-cb7e-e7b5cf4ef477",
  "outputs": {
    "machine_t1-tnode1_at_local": {
      "value": {
        "ami": "ami-0fb2dd0b481d4dc1a",
        "arn": "arn:aws:ec2:eu-west-2:799980351101:instance/i-02599c2c3fbca4975",
        "associate_public_ip_address": true,
        "availability_zone": "eu-west-2a",
        "cpu_core_count": 1,
        "cpu_threads_per_core": 1,
        "credit_specification": [
          {
            "cpu_credits": "standard"
          }
        ],
        "disable_api_termination": false,
        "ebs_block_device": [],
        "ebs_optimized": false,
        "ephemeral_block_device": [],
        "get_password_data": false,
        "hibernation": false,
        "host_id": null,
        "iam_instance_profile": "ansible-training-1-sts-instance-profile",
        "id": "i-02599c2c3fbca4975",
        "instance_initiated_shutdown_behavior": null,
        "instance_state": "running",
        "instance_type": "t2.micro",
        "ipv6_address_count": 0,
        "ipv6_addresses": [],
        "key_name": "ansible-training-1-sshkey",
        "metadata_options": [
          {
            "http_endpoint": "enabled",
            "http_put_response_hop_limit": 1,
            "http_tokens": "optional"
          }
        ],
        "monitoring": false,
        "network_interface": [],
        "network_interface_id": null,
        "outpost_arn": "",
        "password_data": "",
        "placement_group": "",
        "primary_network_interface_id": "eni-07e41c872f6e2e28c",
        "private_dns": "ip-10-0-1-172.eu-west-2.compute.internal",
        "private_ip": "10.0.1.172",
        "public_dns": "ec2-3-8-3-123.eu-west-2.compute.amazonaws.com",
        "public_ip": "3.8.3.123",
        "root_block_device": [
          {
            "delete_on_termination": true,
            "device_name": "/dev/sda1",
            "encrypted": false,
            "iops": 100,
            "kms_key_id": "",
            "volume_id": "vol-090a8f1b0847b5476",
            "volume_size": 10,
            "volume_type": "gp2"
          }
        ],
        "security_groups": [],
        "source_dest_check": true,
        "subnet_id": "subnet-0a728145d37eddf20",
        "tags": {
          "Account": "799980351101",
          "InfraName": "ansible-training-1",
          "Name": "t1-tnode1.at.local",
          "Owner": "arn:aws:iam::799980351101:user/kris",
          "User": "AIDA3UQULNZ62GZRPYKRI"
        },
        "tenancy": "default",
        "timeouts": null,
        "user_data": null,
        "user_data_base64": null,
        "volume_tags": {},
        "vpc_security_group_ids": [
          "sg-03b12f353781804a9",
          "sg-06f03693acc9abf31",
          "sg-0d0c264b104caf187"
        ]
      },
      "type": [
        "object",
        {
          "ami": "string",
          "arn": "string",
          "associate_public_ip_address": "bool",
          "availability_zone": "string",
          "cpu_core_count": "number",
          "cpu_threads_per_core": "number",
          "credit_specification": [
            "list",
            [
              "object",
              {
                "cpu_credits": "string"
              }
            ]
          ],
          "disable_api_termination": "bool",
          "ebs_block_device": [
            "set",
            [
              "object",
              {
                "delete_on_termination": "bool",
                "device_name": "string",
                "encrypted": "bool",
                "iops": "number",
                "kms_key_id": "string",
                "snapshot_id": "string",
                "volume_id": "string",
                "volume_size": "number",
                "volume_type": "string"
              }
            ]
          ],
          "ebs_optimized": "bool",
          "ephemeral_block_device": [
            "set",
            [
              "object",
              {
                "device_name": "string",
                "no_device": "bool",
                "virtual_name": "string"
              }
            ]
          ],
          "get_password_data": "bool",
          "hibernation": "bool",
          "host_id": "string",
          "iam_instance_profile": "string",
          "id": "string",
          "instance_initiated_shutdown_behavior": "string",
          "instance_state": "string",
          "instance_type": "string",
          "ipv6_address_count": "number",
          "ipv6_addresses": [
            "list",
            "string"
          ],
          "key_name": "string",
          "metadata_options": [
            "list",
            [
              "object",
              {
                "http_endpoint": "string",
                "http_put_response_hop_limit": "number",
                "http_tokens": "string"
              }
            ]
          ],
          "monitoring": "bool",
          "network_interface": [
            "set",
            [
              "object",
              {
                "delete_on_termination": "bool",
                "device_index": "number",
                "network_interface_id": "string"
              }
            ]
          ],
          "network_interface_id": "string",
          "outpost_arn": "string",
          "password_data": "string",
          "placement_group": "string",
          "primary_network_interface_id": "string",
          "private_dns": "string",
          "private_ip": "string",
          "public_dns": "string",
          "public_ip": "string",
          "root_block_device": [
            "list",
            [
              "object",
              {
                "delete_on_termination": "bool",
                "device_name": "string",
                "encrypted": "bool",
                "iops": "number",
                "kms_key_id": "string",
                "volume_id": "string",
                "volume_size": "number",
                "volume_type": "string"
              }
            ]
          ],
          "security_groups": [
            "set",
            "string"
          ],
          "source_dest_check": "bool",
          "subnet_id": "string",
          "tags": [
            "map",
            "string"
          ],
          "tenancy": "string",
          "timeouts": [
            "object",
            {
              "create": "string",
              "delete": "string",
              "update": "string"
            }
          ],
          "user_data": "string",
          "user_data_base64": "string",
          "volume_tags": [
            "map",
            "string"
          ],
          "vpc_security_group_ids": [
            "set",
            "string"
          ]
        }
      ]
    },
    "machine_t1-tnode2_at_local": {
      "value": {
        "ami": "ami-0fb2dd0b481d4dc1a",
        "arn": "arn:aws:ec2:eu-west-2:799980351101:instance/i-0edf4f07e3bfbec0f",
        "associate_public_ip_address": true,
        "availability_zone": "eu-west-2a",
        "cpu_core_count": 1,
        "cpu_threads_per_core": 1,
        "credit_specification": [
          {
            "cpu_credits": "standard"
          }
        ],
        "disable_api_termination": false,
        "ebs_block_device": [],
        "ebs_optimized": false,
        "ephemeral_block_device": [],
        "get_password_data": false,
        "hibernation": false,
        "host_id": null,
        "iam_instance_profile": "ansible-training-1-sts-instance-profile",
        "id": "i-0edf4f07e3bfbec0f",
        "instance_initiated_shutdown_behavior": null,
        "instance_state": "running",
        "instance_type": "t2.micro",
        "ipv6_address_count": 0,
        "ipv6_addresses": [],
        "key_name": "ansible-training-1-sshkey",
        "metadata_options": [
          {
            "http_endpoint": "enabled",
            "http_put_response_hop_limit": 1,
            "http_tokens": "optional"
          }
        ],
        "monitoring": false,
        "network_interface": [],
        "network_interface_id": null,
        "outpost_arn": "",
        "password_data": "",
        "placement_group": "",
        "primary_network_interface_id": "eni-06582f4b35d4f65ec",
        "private_dns": "ip-10-0-1-97.eu-west-2.compute.internal",
        "private_ip": "10.0.1.97",
        "public_dns": "ec2-3-8-146-237.eu-west-2.compute.amazonaws.com",
        "public_ip": "3.8.146.237",
        "root_block_device": [
          {
            "delete_on_termination": true,
            "device_name": "/dev/sda1",
            "encrypted": false,
            "iops": 100,
            "kms_key_id": "",
            "volume_id": "vol-05a5ed24bac8549ea",
            "volume_size": 10,
            "volume_type": "gp2"
          }
        ],
        "security_groups": [],
        "source_dest_check": true,
        "subnet_id": "subnet-0a728145d37eddf20",
        "tags": {
          "Account": "799980351101",
          "InfraName": "ansible-training-1",
          "Name": "t1-tnode2.at.local",
          "Owner": "arn:aws:iam::799980351101:user/kris",
          "User": "AIDA3UQULNZ62GZRPYKRI"
        },
        "tenancy": "default",
        "timeouts": null,
        "user_data": null,
        "user_data_base64": null,
        "volume_tags": {},
        "vpc_security_group_ids": [
          "sg-03b12f353781804a9",
          "sg-06f03693acc9abf31",
          "sg-0d0c264b104caf187"
        ]
      },
      "type": [
        "object",
        {
          "ami": "string",
          "arn": "string",
          "associate_public_ip_address": "bool",
          "availability_zone": "string",
          "cpu_core_count": "number",
          "cpu_threads_per_core": "number",
          "credit_specification": [
            "list",
            [
              "object",
              {
                "cpu_credits": "string"
              }
            ]
          ],
          "disable_api_termination": "bool",
          "ebs_block_device": [
            "set",
            [
              "object",
              {
                "delete_on_termination": "bool",
                "device_name": "string",
                "encrypted": "bool",
                "iops": "number",
                "kms_key_id": "string",
                "snapshot_id": "string",
                "volume_id": "string",
                "volume_size": "number",
                "volume_type": "string"
              }
            ]
          ],
          "ebs_optimized": "bool",
          "ephemeral_block_device": [
            "set",
            [
              "object",
              {
                "device_name": "string",
                "no_device": "bool",
                "virtual_name": "string"
              }
            ]
          ],
          "get_password_data": "bool",
          "hibernation": "bool",
          "host_id": "string",
          "iam_instance_profile": "string",
          "id": "string",
          "instance_initiated_shutdown_behavior": "string",
          "instance_state": "string",
          "instance_type": "string",
          "ipv6_address_count": "number",
          "ipv6_addresses": [
            "list",
            "string"
          ],
          "key_name": "string",
          "metadata_options": [
            "list",
            [
              "object",
              {
                "http_endpoint": "string",
                "http_put_response_hop_limit": "number",
                "http_tokens": "string"
              }
            ]
          ],
          "monitoring": "bool",
          "network_interface": [
            "set",
            [
              "object",
              {
                "delete_on_termination": "bool",
                "device_index": "number",
                "network_interface_id": "string"
              }
            ]
          ],
          "network_interface_id": "string",
          "outpost_arn": "string",
          "password_data": "string",
          "placement_group": "string",
          "primary_network_interface_id": "string",
          "private_dns": "string",
          "private_ip": "string",
          "public_dns": "string",
          "public_ip": "string",
          "root_block_device": [
            "list",
            [
              "object",
              {
                "delete_on_termination": "bool",
                "device_name": "string",
                "encrypted": "bool",
                "iops": "number",
                "kms_key_id": "string",
                "volume_id": "string",
                "volume_size": "number",
                "volume_type": "string"
              }
            ]
          ],
          "security_groups": [
            "set",
            "string"
          ],
          "source_dest_check": "bool",
          "subnet_id": "string",
          "tags": [
            "map",
            "string"
          ],
          "tenancy": "string",
          "timeouts": [
            "object",
            {
              "create": "string",
              "delete": "string",
              "update": "string"
            }
          ],
          "user_data": "string",
          "user_data_base64": "string",
          "volume_tags": [
            "map",
            "string"
          ],
          "vpc_security_group_ids": [
            "set",
            "string"
          ]
        }
      ]
    },
    "machine_t1-tnode3_at_local": {
      "value": {
        "ami": "ami-0fb2dd0b481d4dc1a",
        "arn": "arn:aws:ec2:eu-west-2:799980351101:instance/i-02c1dc7b3a026b12d",
        "associate_public_ip_address": true,
        "availability_zone": "eu-west-2a",
        "cpu_core_count": 1,
        "cpu_threads_per_core": 1,
        "credit_specification": [
          {
            "cpu_credits": "standard"
          }
        ],
        "disable_api_termination": false,
        "ebs_block_device": [],
        "ebs_optimized": false,
        "ephemeral_block_device": [],
        "get_password_data": false,
        "hibernation": false,
        "host_id": null,
        "iam_instance_profile": "ansible-training-1-sts-instance-profile",
        "id": "i-02c1dc7b3a026b12d",
        "instance_initiated_shutdown_behavior": null,
        "instance_state": "running",
        "instance_type": "t2.micro",
        "ipv6_address_count": 0,
        "ipv6_addresses": [],
        "key_name": "ansible-training-1-sshkey",
        "metadata_options": [
          {
            "http_endpoint": "enabled",
            "http_put_response_hop_limit": 1,
            "http_tokens": "optional"
          }
        ],
        "monitoring": false,
        "network_interface": [],
        "network_interface_id": null,
        "outpost_arn": "",
        "password_data": "",
        "placement_group": "",
        "primary_network_interface_id": "eni-0fcc8f7542e6f7604",
        "private_dns": "ip-10-0-1-71.eu-west-2.compute.internal",
        "private_ip": "10.0.1.71",
        "public_dns": "ec2-3-10-221-29.eu-west-2.compute.amazonaws.com",
        "public_ip": "3.10.221.29",
        "root_block_device": [
          {
            "delete_on_termination": true,
            "device_name": "/dev/sda1",
            "encrypted": false,
            "iops": 100,
            "kms_key_id": "",
            "volume_id": "vol-099744b4540e716de",
            "volume_size": 10,
            "volume_type": "gp2"
          }
        ],
        "security_groups": [],
        "source_dest_check": true,
        "subnet_id": "subnet-0a728145d37eddf20",
        "tags": {
          "Account": "799980351101",
          "InfraName": "ansible-training-1",
          "Name": "t1-tnode3.at.local",
          "Owner": "arn:aws:iam::799980351101:user/kris",
          "User": "AIDA3UQULNZ62GZRPYKRI"
        },
        "tenancy": "default",
        "timeouts": null,
        "user_data": null,
        "user_data_base64": null,
        "volume_tags": {},
        "vpc_security_group_ids": [
          "sg-03b12f353781804a9",
          "sg-06f03693acc9abf31",
          "sg-0d0c264b104caf187"
        ]
      },
      "type": [
        "object",
        {
          "ami": "string",
          "arn": "string",
          "associate_public_ip_address": "bool",
          "availability_zone": "string",
          "cpu_core_count": "number",
          "cpu_threads_per_core": "number",
          "credit_specification": [
            "list",
            [
              "object",
              {
                "cpu_credits": "string"
              }
            ]
          ],
          "disable_api_termination": "bool",
          "ebs_block_device": [
            "set",
            [
              "object",
              {
                "delete_on_termination": "bool",
                "device_name": "string",
                "encrypted": "bool",
                "iops": "number",
                "kms_key_id": "string",
                "snapshot_id": "string",
                "volume_id": "string",
                "volume_size": "number",
                "volume_type": "string"
              }
            ]
          ],
          "ebs_optimized": "bool",
          "ephemeral_block_device": [
            "set",
            [
              "object",
              {
                "device_name": "string",
                "no_device": "bool",
                "virtual_name": "string"
              }
            ]
          ],
          "get_password_data": "bool",
          "hibernation": "bool",
          "host_id": "string",
          "iam_instance_profile": "string",
          "id": "string",
          "instance_initiated_shutdown_behavior": "string",
          "instance_state": "string",
          "instance_type": "string",
          "ipv6_address_count": "number",
          "ipv6_addresses": [
            "list",
            "string"
          ],
          "key_name": "string",
          "metadata_options": [
            "list",
            [
              "object",
              {
                "http_endpoint": "string",
                "http_put_response_hop_limit": "number",
                "http_tokens": "string"
              }
            ]
          ],
          "monitoring": "bool",
          "network_interface": [
            "set",
            [
              "object",
              {
                "delete_on_termination": "bool",
                "device_index": "number",
                "network_interface_id": "string"
              }
            ]
          ],
          "network_interface_id": "string",
          "outpost_arn": "string",
          "password_data": "string",
          "placement_group": "string",
          "primary_network_interface_id": "string",
          "private_dns": "string",
          "private_ip": "string",
          "public_dns": "string",
          "public_ip": "string",
          "root_block_device": [
            "list",
            [
              "object",
              {
                "delete_on_termination": "bool",
                "device_name": "string",
                "encrypted": "bool",
                "iops": "number",
                "kms_key_id": "string",
                "volume_id": "string",
                "volume_size": "number",
                "volume_type": "string"
              }
            ]
          ],
          "security_groups": [
            "set",
            "string"
          ],
          "source_dest_check": "bool",
          "subnet_id": "string",
          "tags": [
            "map",
            "string"
          ],
          "tenancy": "string",
          "timeouts": [
            "object",
            {
              "create": "string",
              "delete": "string",
              "update": "string"
            }
          ],
          "user_data": "string",
          "user_data_base64": "string",
          "volume_tags": [
            "map",
            "string"
          ],
          "vpc_security_group_ids": [
            "set",
            "string"
          ]
        }
      ]
    },
    "vpc": {
      "value": {
        "arn": "arn:aws:ec2:eu-west-2:799980351101:vpc/vpc-0a57b8e78eecb58c9",
        "assign_generated_ipv6_cidr_block": false,
        "cidr_block": "10.0.0.0/16",
        "default_network_acl_id": "acl-0dd6bb73eb7a677f4",
        "default_route_table_id": "rtb-007a9abfce1a85ada",
        "default_security_group_id": "sg-0b1cacfa5a2c1a2ec",
        "dhcp_options_id": "dopt-303b6f58",
        "enable_classiclink": null,
        "enable_classiclink_dns_support": null,
        "enable_dns_hostnames": true,
        "enable_dns_support": true,
        "id": "vpc-0a57b8e78eecb58c9",
        "instance_tenancy": "default",
        "ipv6_association_id": "",
        "ipv6_cidr_block": "",
        "main_route_table_id": "rtb-007a9abfce1a85ada",
        "owner_id": "799980351101",
        "tags": {
          "Account": "799980351101",
          "InfraName": "ansible-training-1",
          "Name": "ansible-training-1",
          "Owner": "arn:aws:iam::799980351101:user/kris",
          "User": "AIDA3UQULNZ62GZRPYKRI"
        }
      },
      "type": [
        "object",
        {
          "arn": "string",
          "assign_generated_ipv6_cidr_block": "bool",
          "cidr_block": "string",
          "default_network_acl_id": "string",
          "default_route_table_id": "string",
          "default_security_group_id": "string",
          "dhcp_options_id": "string",
          "enable_classiclink": "bool",
          "enable_classiclink_dns_support": "bool",
          "enable_dns_hostnames": "bool",
          "enable_dns_support": "bool",
          "id": "string",
          "instance_tenancy": "string",
          "ipv6_association_id": "string",
          "ipv6_cidr_block": "string",
          "main_route_table_id": "string",
          "owner_id": "string",
          "tags": [
            "map",
            "string"
          ]
        }
      ]
    },
    "vpc_id": {
      "value": "vpc-0a57b8e78eecb58c9",
      "type": "string"
    }
  },
  "resources": [
    {
      "mode": "data",
      "type": "aws_ami",
      "name": "centos_7_aws_ami",
      "provider": "provider.aws",
      "instances": [
        {
          "schema_version": 0,
          "attributes": {
            "architecture": "x86_64",
            "block_device_mappings": [
              {
                "device_name": "/dev/sda1",
                "ebs": {
                  "delete_on_termination": "false",
                  "encrypted": "false",
                  "iops": "0",
                  "snapshot_id": "snap-0341d9aad59cb52f7",
                  "volume_size": "8",
                  "volume_type": "standard"
                },
                "no_device": "",
                "virtual_name": ""
              }
            ],
            "creation_date": "2020-03-02T14:58:24.000Z",
            "description": "CentOS 7.7 ENA AWS Final",
            "executable_users": null,
            "filter": [
              {
                "name": "architecture",
                "values": [
                  "x86_64"
                ]
              },
              {
                "name": "name",
                "values": [
                  "CentOS7*"
                ]
              },
              {
                "name": "root-device-type",
                "values": [
                  "ebs"
                ]
              },
              {
                "name": "virtualization-type",
                "values": [
                  "hvm"
                ]
              }
            ],
            "hypervisor": "xen",
            "id": "ami-074b0f1289af4a01b",
            "image_id": "ami-074b0f1289af4a01b",
            "image_location": "aws-marketplace/CentOS77-ENA-Final-c73a09b5-e4ca-4b52-ae70-d5e34c2913db-ami-0490462f0824e116a.4",
            "image_owner_alias": "aws-marketplace",
            "image_type": "machine",
            "kernel_id": null,
            "most_recent": true,
            "name": "CentOS77-ENA-Final-c73a09b5-e4ca-4b52-ae70-d5e34c2913db-ami-0490462f0824e116a.4",
            "name_regex": null,
            "owner_id": "679593333241",
            "owners": [
              "679593333241"
            ],
            "platform": null,
            "product_codes": [
              {
                "product_code_id": "bslxomdphgdtripes0cibw4wr",
                "product_code_type": "marketplace"
              }
            ],
            "public": true,
            "ramdisk_id": null,
            "root_device_name": "/dev/sda1",
            "root_device_type": "ebs",
            "root_snapshot_id": "snap-0341d9aad59cb52f7",
            "sriov_net_support": null,
            "state": "available",
            "state_reason": {
              "code": "UNSET",
              "message": "UNSET"
            },
            "tags": {},
            "virtualization_type": "hvm"
          }
        }
      ]
    },
    {
      "mode": "data",
      "type": "aws_ami",
      "name": "rhel_7_7_aws_ami",
      "provider": "provider.aws",
      "instances": [
        {
          "schema_version": 0,
          "attributes": {
            "architecture": "x86_64",
            "block_device_mappings": [
              {
                "device_name": "/dev/sda1",
                "ebs": {
                  "delete_on_termination": "true",
                  "encrypted": "false",
                  "iops": "0",
                  "snapshot_id": "snap-0c6f36b8fbf216c0e",
                  "volume_size": "10",
                  "volume_type": "gp2"
                },
                "no_device": "",
                "virtual_name": ""
              }
            ],
            "creation_date": "2019-11-19T15:36:01.000Z",
            "description": "Provided by Red Hat, Inc.",
            "executable_users": null,
            "filter": [
              {
                "name": "architecture",
                "values": [
                  "x86_64"
                ]
              },
              {
                "name": "name",
                "values": [
                  "RHEL-7.7*"
                ]
              },
              {
                "name": "root-device-type",
                "values": [
                  "ebs"
                ]
              },
              {
                "name": "virtualization-type",
                "values": [
                  "hvm"
                ]
              }
            ],
            "hypervisor": "xen",
            "id": "ami-0fb2dd0b481d4dc1a",
            "image_id": "ami-0fb2dd0b481d4dc1a",
            "image_location": "309956199498/RHEL-7.7_HVM-20191119-x86_64-2-Hourly2-GP2",
            "image_owner_alias": null,
            "image_type": "machine",
            "kernel_id": null,
            "most_recent": true,
            "name": "RHEL-7.7_HVM-20191119-x86_64-2-Hourly2-GP2",
            "name_regex": null,
            "owner_id": "309956199498",
            "owners": [
              "309956199498"
            ],
            "platform": null,
            "product_codes": [],
            "public": true,
            "ramdisk_id": null,
            "root_device_name": "/dev/sda1",
            "root_device_type": "ebs",
            "root_snapshot_id": "snap-0c6f36b8fbf216c0e",
            "sriov_net_support": "simple",
            "state": "available",
            "state_reason": {
              "code": "UNSET",
              "message": "UNSET"
            },
            "tags": {},
            "virtualization_type": "hvm"
          }
        }
      ]
    },
    {
      "mode": "data",
      "type": "aws_ami",
      "name": "rhel_8_2_aws_ami",
      "provider": "provider.aws",
      "instances": [
        {
          "schema_version": 0,
          "attributes": {
            "architecture": "x86_64",
            "block_device_mappings": [
              {
                "device_name": "/dev/sda1",
                "ebs": {
                  "delete_on_termination": "true",
                  "encrypted": "false",
                  "iops": "0",
                  "snapshot_id": "snap-0603bdae6ca21b089",
                  "volume_size": "10",
                  "volume_type": "gp2"
                },
                "no_device": "",
                "virtual_name": ""
              }
            ],
            "creation_date": "2020-04-23T16:53:43.000Z",
            "description": "Provided by Red Hat, Inc.",
            "executable_users": null,
            "filter": [
              {
                "name": "architecture",
                "values": [
                  "x86_64"
                ]
              },
              {
                "name": "name",
                "values": [
                  "RHEL-8.2*"
                ]
              },
              {
                "name": "root-device-type",
                "values": [
                  "ebs"
                ]
              },
              {
                "name": "virtualization-type",
                "values": [
                  "hvm"
                ]
              }
            ],
            "hypervisor": "xen",
            "id": "ami-0fc841be1f929d7d1",
            "image_id": "ami-0fc841be1f929d7d1",
            "image_location": "309956199498/RHEL-8.2.0_HVM-20200423-x86_64-0-Hourly2-GP2",
            "image_owner_alias": null,
            "image_type": "machine",
            "kernel_id": null,
            "most_recent": true,
            "name": "RHEL-8.2.0_HVM-20200423-x86_64-0-Hourly2-GP2",
            "name_regex": null,
            "owner_id": "309956199498",
            "owners": [
              "309956199498"
            ],
            "platform": null,
            "product_codes": [],
            "public": true,
            "ramdisk_id": null,
            "root_device_name": "/dev/sda1",
            "root_device_type": "ebs",
            "root_snapshot_id": "snap-0603bdae6ca21b089",
            "sriov_net_support": "simple",
            "state": "available",
            "state_reason": {
              "code": "UNSET",
              "message": "UNSET"
            },
            "tags": {},
            "virtualization_type": "hvm"
          }
        }
      ]
    },
    {
      "mode": "data",
      "type": "aws_caller_identity",
      "name": "current",
      "provider": "provider.aws",
      "instances": [
        {
          "schema_version": 0,
          "attributes": {
            "account_id": "799980351101",
            "arn": "arn:aws:iam::799980351101:user/kris",
            "id": "2020-06-03 23:11:06.211944887 +0000 UTC",
            "user_id": "AIDA3UQULNZ62GZRPYKRI"
          }
        }
      ]
    },
    {
      "mode": "managed",
      "type": "aws_iam_access_key",
      "name": "application-aws-user",
      "provider": "provider.aws",
      "instances": [
        {
          "schema_version": 0,
          "attributes": {
            "encrypted_secret": null,
            "id": "AKIA3UQULNZ6RHLQOW4J",
            "key_fingerprint": null,
            "pgp_key": null,
            "secret": "C8AyX3G8CYElVNJ7X7zAFfnCqrVfUomr05Mckfwb",
            "ses_smtp_password": "AhgC13P5f+5Km81itWSCi8cm1d/iS6I2FAwJOnTqWczE",
            "ses_smtp_password_v4": "BHYWRHDr0tML3Mh3wlgqn/TwZUfNsj4PMESHRXi/en7m",
            "status": "Active",
            "user": "ansible-training-1-aws-user"
          },
          "private": "bnVsbA==",
          "depends_on": [
            "aws_iam_user.application-aws-user"
          ]
        }
      ]
    },
    {
      "mode": "managed",
      "type": "aws_iam_instance_profile",
      "name": "sts-instance-profile",
      "provider": "provider.aws",
      "instances": [
        {
          "schema_version": 0,
          "attributes": {
            "arn": "arn:aws:iam::799980351101:instance-profile/ansible-training-1-sts-instance-profile",
            "create_date": "2020-06-03T23:06:04Z",
            "id": "ansible-training-1-sts-instance-profile",
            "name": "ansible-training-1-sts-instance-profile",
            "name_prefix": null,
            "path": "/",
            "role": "ansible-training-1-sts-instance-role",
            "roles": [
              "ansible-training-1-sts-instance-role"
            ],
            "unique_id": "AIPA3UQULNZ6UDIGEE7AM"
          },
          "private": "bnVsbA==",
          "depends_on": [
            "aws_iam_role.sts-instance-role"
          ]
        }
      ]
    },
    {
      "mode": "managed",
      "type": "aws_iam_policy",
      "name": "application-policy-forward-logs",
      "provider": "provider.aws",
      "instances": [
        {
          "schema_version": 0,
          "attributes": {
            "arn": "arn:aws:iam::799980351101:policy/ansible-training-1-instance-forward-logs",
            "description": "Allows an instance to forward logs to CloudWatch",
            "id": "arn:aws:iam::799980351101:policy/ansible-training-1-instance-forward-logs",
            "name": "ansible-training-1-instance-forward-logs",
            "name_prefix": null,
            "path": "/",
            "policy": "{\n  \"Version\": \"2012-10-17\",\n  \"Statement\": [\n    {\n      \"Effect\": \"Allow\",\n      \"Action\": [\n        \"logs:CreateLogGroup\",\n        \"logs:CreateLogStream\",\n        \"logs:PutLogEvents\",\n        \"logs:DescribeLogStreams\"\n      ],\n      \"Resource\": [\n        \"arn:aws:logs:*:*:*\"\n      ]\n    }\n  ]\n}\n"
          },
          "private": "bnVsbA=="
        }
      ]
    },
    {
      "mode": "managed",
      "type": "aws_iam_policy_attachment",
      "name": "application-attachment-forward-logs",
      "provider": "provider.aws",
      "instances": [
        {
          "schema_version": 0,
          "attributes": {
            "groups": [],
            "id": "ansible-training-1-attachment-forward-logs",
            "name": "ansible-training-1-attachment-forward-logs",
            "policy_arn": "arn:aws:iam::799980351101:policy/ansible-training-1-instance-forward-logs",
            "roles": [
              "ansible-training-1-sts-instance-role"
            ],
            "users": []
          },
          "private": "bnVsbA==",
          "depends_on": [
            "aws_iam_policy.application-policy-forward-logs",
            "aws_iam_role.sts-instance-role"
          ]
        }
      ]
    },
    {
      "mode": "managed",
      "type": "aws_iam_role",
      "name": "sts-instance-role",
      "provider": "provider.aws",
      "instances": [
        {
          "schema_version": 0,
          "attributes": {
            "arn": "arn:aws:iam::799980351101:role/ansible-training-1-sts-instance-role",
            "assume_role_policy": "{\"Version\":\"2012-10-17\",\"Statement\":[{\"Sid\":\"\",\"Effect\":\"Allow\",\"Principal\":{\"Service\":\"ec2.amazonaws.com\"},\"Action\":\"sts:AssumeRole\"}]}",
            "create_date": "2020-06-03T23:06:03Z",
            "description": "",
            "force_detach_policies": false,
            "id": "ansible-training-1-sts-instance-role",
            "max_session_duration": 3600,
            "name": "ansible-training-1-sts-instance-role",
            "name_prefix": null,
            "path": "/",
            "permissions_boundary": null,
            "tags": {
              "Account": "799980351101",
              "InfraName": "ansible-training-1",
              "Owner": "arn:aws:iam::799980351101:user/kris",
              "User": "AIDA3UQULNZ62GZRPYKRI"
            },
            "unique_id": "AROA3UQULNZ62NF7VSPMN"
          },
          "private": "bnVsbA=="
        }
      ]
    },
    {
      "mode": "managed",
      "type": "aws_iam_user",
      "name": "application-aws-user",
      "provider": "provider.aws",
      "instances": [
        {
          "schema_version": 0,
          "attributes": {
            "arn": "arn:aws:iam::799980351101:user/ansible-training-1-aws-user",
            "force_destroy": false,
            "id": "ansible-training-1-aws-user",
            "name": "ansible-training-1-aws-user",
            "path": "/",
            "permissions_boundary": null,
            "tags": {
              "Account": "799980351101",
              "InfraName": "ansible-training-1",
              "Owner": "arn:aws:iam::799980351101:user/kris",
              "User": "AIDA3UQULNZ62GZRPYKRI"
            },
            "unique_id": "AIDA3UQULNZ6TZ5ZHLPSS"
          },
          "private": "bnVsbA=="
        }
      ]
    },
    {
      "mode": "managed",
      "type": "aws_iam_user_policy",
      "name": "application-aws-user",
      "provider": "provider.aws",
      "instances": [
        {
          "schema_version": 0,
          "attributes": {
            "id": "ansible-training-1-aws-user:ansible-training-1-aws-user-policy",
            "name": "ansible-training-1-aws-user-policy",
            "name_prefix": null,
            "policy": "{\n  \"Version\": \"2012-10-17\",\n  \"Statement\": [\n    {\n      \"Effect\": \"Allow\",\n      \"Action\": [\n        \"ec2:DescribeVolume*\",\n        \"ec2:CreateVolume\",\n        \"ec2:CreateTags\",\n        \"ec2:DescribeInstance*\",\n        \"ec2:AttachVolume\",\n        \"ec2:DetachVolume\",\n        \"ec2:DeleteVolume\",\n        \"ec2:DescribeSubnets\",\n        \"ec2:CreateSecurityGroup\",\n        \"ec2:DescribeSecurityGroups\",\n        \"ec2:DescribeRouteTables\",\n        \"ec2:AuthorizeSecurityGroupIngress\",\n        \"ec2:RevokeSecurityGroupIngress\",\n        \"elasticloadbalancing:DescribeTags\",\n        \"elasticloadbalancing:CreateLoadBalancerListeners\",\n        \"elasticloadbalancing:ConfigureHealthCheck\",\n        \"elasticloadbalancing:DeleteLoadBalancerListeners\",\n        \"elasticloadbalancing:RegisterInstancesWithLoadBalancer\",\n        \"elasticloadbalancing:DescribeLoadBalancers\",\n        \"elasticloadbalancing:CreateLoadBalancer\",\n        \"elasticloadbalancing:DeleteLoadBalancer\",\n        \"elasticloadbalancing:ModifyLoadBalancerAttributes\",\n        \"elasticloadbalancing:DescribeLoadBalancerAttributes\"\n      ],\n      \"Resource\": \"*\"\n    }\n  ]\n}\n",
            "user": "ansible-training-1-aws-user"
          },
          "private": "bnVsbA==",
          "depends_on": [
            "aws_iam_user.application-aws-user"
          ]
        }
      ]
    },
    {
      "mode": "managed",
      "type": "aws_instance",
      "name": "t1_tnode_instance_1",
      "provider": "provider.aws",
      "instances": [
        {
          "schema_version": 1,
          "attributes": {
            "ami": "ami-0fb2dd0b481d4dc1a",
            "arn": "arn:aws:ec2:eu-west-2:799980351101:instance/i-02599c2c3fbca4975",
            "associate_public_ip_address": true,
            "availability_zone": "eu-west-2a",
            "cpu_core_count": 1,
            "cpu_threads_per_core": 1,
            "credit_specification": [
              {
                "cpu_credits": "standard"
              }
            ],
            "disable_api_termination": false,
            "ebs_block_device": [],
            "ebs_optimized": false,
            "ephemeral_block_device": [],
            "get_password_data": false,
            "hibernation": false,
            "host_id": null,
            "iam_instance_profile": "ansible-training-1-sts-instance-profile",
            "id": "i-02599c2c3fbca4975",
            "instance_initiated_shutdown_behavior": null,
            "instance_state": "running",
            "instance_type": "t2.micro",
            "ipv6_address_count": 0,
            "ipv6_addresses": [],
            "key_name": "ansible-training-1-sshkey",
            "metadata_options": [
              {
                "http_endpoint": "enabled",
                "http_put_response_hop_limit": 1,
                "http_tokens": "optional"
              }
            ],
            "monitoring": false,
            "network_interface": [],
            "network_interface_id": null,
            "outpost_arn": "",
            "password_data": "",
            "placement_group": "",
            "primary_network_interface_id": "eni-07e41c872f6e2e28c",
            "private_dns": "ip-10-0-1-172.eu-west-2.compute.internal",
            "private_ip": "10.0.1.172",
            "public_dns": "ec2-3-8-3-123.eu-west-2.compute.amazonaws.com",
            "public_ip": "3.8.3.123",
            "root_block_device": [
              {
                "delete_on_termination": true,
                "device_name": "/dev/sda1",
                "encrypted": false,
                "iops": 100,
                "kms_key_id": "",
                "volume_id": "vol-090a8f1b0847b5476",
                "volume_size": 10,
                "volume_type": "gp2"
              }
            ],
            "security_groups": [],
            "source_dest_check": true,
            "subnet_id": "subnet-0a728145d37eddf20",
            "tags": {
              "Account": "799980351101",
              "InfraName": "ansible-training-1",
              "Name": "t1-tnode1.at.local",
              "Owner": "arn:aws:iam::799980351101:user/kris",
              "User": "AIDA3UQULNZ62GZRPYKRI"
            },
            "tenancy": "default",
            "timeouts": null,
            "user_data": null,
            "user_data_base64": null,
            "volume_tags": {},
            "vpc_security_group_ids": [
              "sg-03b12f353781804a9",
              "sg-06f03693acc9abf31",
              "sg-0d0c264b104caf187"
            ]
          },
          "private": "eyJlMmJmYjczMC1lY2FhLTExZTYtOGY4OC0zNDM2M2JjN2M0YzAiOnsiY3JlYXRlIjo2MDAwMDAwMDAwMDAsImRlbGV0ZSI6MTIwMDAwMDAwMDAwMCwidXBkYXRlIjo2MDAwMDAwMDAwMDB9LCJzY2hlbWFfdmVyc2lvbiI6IjEifQ==",
          "depends_on": [
            "aws_iam_instance_profile.sts-instance-profile",
            "aws_security_group.cloud-ssh",
            "aws_security_group.web-public-egress",
            "aws_security_group.web-public-ingress",
            "aws_subnet.t1_public_subnet",
            "data.aws_ami.rhel_7_7_aws_ami"
          ]
        }
      ]
    },
    {
      "mode": "managed",
      "type": "aws_instance",
      "name": "t1_tnode_instance_2",
      "provider": "provider.aws",
      "instances": [
        {
          "schema_version": 1,
          "attributes": {
            "ami": "ami-0fb2dd0b481d4dc1a",
            "arn": "arn:aws:ec2:eu-west-2:799980351101:instance/i-0edf4f07e3bfbec0f",
            "associate_public_ip_address": true,
            "availability_zone": "eu-west-2a",
            "cpu_core_count": 1,
            "cpu_threads_per_core": 1,
            "credit_specification": [
              {
                "cpu_credits": "standard"
              }
            ],
            "disable_api_termination": false,
            "ebs_block_device": [],
            "ebs_optimized": false,
            "ephemeral_block_device": [],
            "get_password_data": false,
            "hibernation": false,
            "host_id": null,
            "iam_instance_profile": "ansible-training-1-sts-instance-profile",
            "id": "i-0edf4f07e3bfbec0f",
            "instance_initiated_shutdown_behavior": null,
            "instance_state": "running",
            "instance_type": "t2.micro",
            "ipv6_address_count": 0,
            "ipv6_addresses": [],
            "key_name": "ansible-training-1-sshkey",
            "metadata_options": [
              {
                "http_endpoint": "enabled",
                "http_put_response_hop_limit": 1,
                "http_tokens": "optional"
              }
            ],
            "monitoring": false,
            "network_interface": [],
            "network_interface_id": null,
            "outpost_arn": "",
            "password_data": "",
            "placement_group": "",
            "primary_network_interface_id": "eni-06582f4b35d4f65ec",
            "private_dns": "ip-10-0-1-97.eu-west-2.compute.internal",
            "private_ip": "10.0.1.97",
            "public_dns": "ec2-3-8-146-237.eu-west-2.compute.amazonaws.com",
            "public_ip": "3.8.146.237",
            "root_block_device": [
              {
                "delete_on_termination": true,
                "device_name": "/dev/sda1",
                "encrypted": false,
                "iops": 100,
                "kms_key_id": "",
                "volume_id": "vol-05a5ed24bac8549ea",
                "volume_size": 10,
                "volume_type": "gp2"
              }
            ],
            "security_groups": [],
            "source_dest_check": true,
            "subnet_id": "subnet-0a728145d37eddf20",
            "tags": {
              "Account": "799980351101",
              "InfraName": "ansible-training-1",
              "Name": "t1-tnode2.at.local",
              "Owner": "arn:aws:iam::799980351101:user/kris",
              "User": "AIDA3UQULNZ62GZRPYKRI"
            },
            "tenancy": "default",
            "timeouts": null,
            "user_data": null,
            "user_data_base64": null,
            "volume_tags": {},
            "vpc_security_group_ids": [
              "sg-03b12f353781804a9",
              "sg-06f03693acc9abf31",
              "sg-0d0c264b104caf187"
            ]
          },
          "private": "eyJlMmJmYjczMC1lY2FhLTExZTYtOGY4OC0zNDM2M2JjN2M0YzAiOnsiY3JlYXRlIjo2MDAwMDAwMDAwMDAsImRlbGV0ZSI6MTIwMDAwMDAwMDAwMCwidXBkYXRlIjo2MDAwMDAwMDAwMDB9LCJzY2hlbWFfdmVyc2lvbiI6IjEifQ==",
          "depends_on": [
            "aws_iam_instance_profile.sts-instance-profile",
            "aws_security_group.cloud-ssh",
            "aws_security_group.web-public-egress",
            "aws_security_group.web-public-ingress",
            "aws_subnet.t1_public_subnet",
            "data.aws_ami.rhel_7_7_aws_ami"
          ]
        }
      ]
    },
    {
      "mode": "managed",
      "type": "aws_instance",
      "name": "t1_tnode_instance_3",
      "provider": "provider.aws",
      "instances": [
        {
          "schema_version": 1,
          "attributes": {
            "ami": "ami-0fb2dd0b481d4dc1a",
            "arn": "arn:aws:ec2:eu-west-2:799980351101:instance/i-02c1dc7b3a026b12d",
            "associate_public_ip_address": true,
            "availability_zone": "eu-west-2a",
            "cpu_core_count": 1,
            "cpu_threads_per_core": 1,
            "credit_specification": [
              {
                "cpu_credits": "standard"
              }
            ],
            "disable_api_termination": false,
            "ebs_block_device": [],
            "ebs_optimized": false,
            "ephemeral_block_device": [],
            "get_password_data": false,
            "hibernation": false,
            "host_id": null,
            "iam_instance_profile": "ansible-training-1-sts-instance-profile",
            "id": "i-02c1dc7b3a026b12d",
            "instance_initiated_shutdown_behavior": null,
            "instance_state": "running",
            "instance_type": "t2.micro",
            "ipv6_address_count": 0,
            "ipv6_addresses": [],
            "key_name": "ansible-training-1-sshkey",
            "metadata_options": [
              {
                "http_endpoint": "enabled",
                "http_put_response_hop_limit": 1,
                "http_tokens": "optional"
              }
            ],
            "monitoring": false,
            "network_interface": [],
            "network_interface_id": null,
            "outpost_arn": "",
            "password_data": "",
            "placement_group": "",
            "primary_network_interface_id": "eni-0fcc8f7542e6f7604",
            "private_dns": "ip-10-0-1-71.eu-west-2.compute.internal",
            "private_ip": "10.0.1.71",
            "public_dns": "ec2-3-10-221-29.eu-west-2.compute.amazonaws.com",
            "public_ip": "3.10.221.29",
            "root_block_device": [
              {
                "delete_on_termination": true,
                "device_name": "/dev/sda1",
                "encrypted": false,
                "iops": 100,
                "kms_key_id": "",
                "volume_id": "vol-099744b4540e716de",
                "volume_size": 10,
                "volume_type": "gp2"
              }
            ],
            "security_groups": [],
            "source_dest_check": true,
            "subnet_id": "subnet-0a728145d37eddf20",
            "tags": {
              "Account": "799980351101",
              "InfraName": "ansible-training-1",
              "Name": "t1-tnode3.at.local",
              "Owner": "arn:aws:iam::799980351101:user/kris",
              "User": "AIDA3UQULNZ62GZRPYKRI"
            },
            "tenancy": "default",
            "timeouts": null,
            "user_data": null,
            "user_data_base64": null,
            "volume_tags": {},
            "vpc_security_group_ids": [
              "sg-03b12f353781804a9",
              "sg-06f03693acc9abf31",
              "sg-0d0c264b104caf187"
            ]
          },
          "private": "eyJlMmJmYjczMC1lY2FhLTExZTYtOGY4OC0zNDM2M2JjN2M0YzAiOnsiY3JlYXRlIjo2MDAwMDAwMDAwMDAsImRlbGV0ZSI6MTIwMDAwMDAwMDAwMCwidXBkYXRlIjo2MDAwMDAwMDAwMDB9LCJzY2hlbWFfdmVyc2lvbiI6IjEifQ==",
          "depends_on": [
            "aws_iam_instance_profile.sts-instance-profile",
            "aws_security_group.cloud-ssh",
            "aws_security_group.web-public-egress",
            "aws_security_group.web-public-ingress",
            "aws_subnet.t1_public_subnet",
            "data.aws_ami.rhel_7_7_aws_ami"
          ]
        }
      ]
    },
    {
      "mode": "managed",
      "type": "aws_internet_gateway",
      "name": "default_gateway",
      "provider": "provider.aws",
      "instances": [
        {
          "schema_version": 0,
          "attributes": {
            "id": "igw-09f03207a3c5951c2",
            "owner_id": "799980351101",
            "tags": {
              "Account": "799980351101",
              "InfraName": "ansible-training-1",
              "Owner": "arn:aws:iam::799980351101:user/kris",
              "User": "AIDA3UQULNZ62GZRPYKRI"
            },
            "vpc_id": "vpc-0a57b8e78eecb58c9"
          },
          "private": "bnVsbA=="
        }
      ]
    },
    {
      "mode": "managed",
      "type": "aws_key_pair",
      "name": "keypair",
      "provider": "provider.aws",
      "instances": [
        {
          "schema_version": 1,
          "attributes": {
            "fingerprint": "a7:20:48:49:a6:de:f3:d8:e8:0d:1c:01:e6:3d:14:fc",
            "id": "ansible-training-1-sshkey",
            "key_name": "ansible-training-1-sshkey",
            "key_name_prefix": null,
            "key_pair_id": "key-07bbdaca365158635",
            "public_key": "ssh-rsa AAAAB3NzaC1yc2EAAAADAQABAAABAQCfud82P9wGkZhrV7dNCbcczg/LVIoMFKjZXb9NlaYT9GX12lfVQpzpRRRHmEuhSH7wEFYlIMPp/uO6ru76koLB6gnxGquSxJBXKOyetGW7hiKWrg1lAFMGtKLV2TFUuhtLjYvW7Zyda3YXZWLPWvODCWGMKeOa8G/yu1iOYfgQdCBIu8Lo/PVyWb6uxLxUNXTHPJSgXp93X93GN0YvriuDIdsI+2KyuYsJjO01z3dVlfcqaCL+8qWbXUuzO/IvvKDhUXSjuSPZL00o8EP1fTP+icdVPJRRHaGpBhfaoHfALAYTapB9vtc+LcmY05u5ehQ9pSpujb+d+IxocEgnbqYj",
            "tags": {}
          },
          "private": "eyJzY2hlbWFfdmVyc2lvbiI6IjEifQ=="
        }
      ]
    },
    {
      "mode": "managed",
      "type": "aws_route_table",
      "name": "public_route",
      "provider": "provider.aws",
      "instances": [
        {
          "schema_version": 0,
          "attributes": {
            "id": "rtb-05686888f9591aca7",
            "owner_id": "799980351101",
            "propagating_vgws": [],
            "route": [
              {
                "cidr_block": "0.0.0.0/0",
                "egress_only_gateway_id": "",
                "gateway_id": "igw-09f03207a3c5951c2",
                "instance_id": "",
                "ipv6_cidr_block": "",
                "nat_gateway_id": "",
                "network_interface_id": "",
                "transit_gateway_id": "",
                "vpc_peering_connection_id": ""
              }
            ],
            "tags": {
              "Account": "799980351101",
              "InfraName": "ansible-training-1",
              "Owner": "arn:aws:iam::799980351101:user/kris",
              "User": "AIDA3UQULNZ62GZRPYKRI"
            },
            "vpc_id": "vpc-0a57b8e78eecb58c9"
          },
          "private": "bnVsbA==",
          "depends_on": [
            "aws_internet_gateway.default_gateway"
          ]
        }
      ]
    },
    {
      "mode": "managed",
      "type": "aws_route_table_association",
      "name": "t1_public_subnet_asoc",
      "provider": "provider.aws",
      "instances": [
        {
          "schema_version": 0,
          "attributes": {
            "gateway_id": null,
            "id": "rtbassoc-023e2291ded9ab32e",
            "route_table_id": "rtb-05686888f9591aca7",
            "subnet_id": "subnet-0a728145d37eddf20"
          },
          "private": "bnVsbA==",
          "depends_on": [
            "aws_route_table.public_route",
            "aws_subnet.t1_public_subnet"
          ]
        }
      ]
    },
    {
      "mode": "managed",
      "type": "aws_security_group",
      "name": "ansible-training-1_security_group",
      "provider": "provider.aws",
      "instances": [
        {
          "schema_version": 1,
          "attributes": {
            "arn": "arn:aws:ec2:eu-west-2:799980351101:security-group/sg-0bdc57035ebaee14e",
            "description": "Network rules for ansible-training-1 env",
            "egress": [
              {
                "cidr_blocks": [],
                "description": "",
                "from_port": 0,
                "ipv6_cidr_blocks": [],
                "prefix_list_ids": [],
                "protocol": "-1",
                "security_groups": [],
                "self": true,
                "to_port": 0
              }
            ],
            "id": "sg-0bdc57035ebaee14e",
            "ingress": [
              {
                "cidr_blocks": [
                  "0.0.0.0/0"
                ],
                "description": "",
                "from_port": 0,
                "ipv6_cidr_blocks": [],
                "prefix_list_ids": [],
                "protocol": "tcp",
                "security_groups": [],
                "self": true,
                "to_port": 22
              },
              {
                "cidr_blocks": [],
                "description": "",
                "from_port": 0,
                "ipv6_cidr_blocks": [],
                "prefix_list_ids": [],
                "protocol": "-1",
                "security_groups": [],
                "self": true,
                "to_port": 0
              }
            ],
            "name": "ansible-training-1_security_group",
            "name_prefix": null,
            "owner_id": "799980351101",
            "revoke_rules_on_delete": false,
            "tags": {
              "Account": "799980351101",
              "InfraName": "ansible-training-1",
              "Name": "ansible-training-1_security_group",
              "Owner": "arn:aws:iam::799980351101:user/kris",
              "User": "AIDA3UQULNZ62GZRPYKRI",
              "infra_name": "ansible-training-1"
            },
            "timeouts": null,
            "vpc_id": "vpc-0a57b8e78eecb58c9"
          },
          "private": "eyJlMmJmYjczMC1lY2FhLTExZTYtOGY4OC0zNDM2M2JjN2M0YzAiOnsiY3JlYXRlIjo2MDAwMDAwMDAwMDAsImRlbGV0ZSI6NjAwMDAwMDAwMDAwfSwic2NoZW1hX3ZlcnNpb24iOiIxIn0="
        }
      ]
    },
    {
      "mode": "managed",
      "type": "aws_security_group",
      "name": "cloud-ssh",
      "provider": "provider.aws",
      "instances": [
        {
          "schema_version": 1,
          "attributes": {
            "arn": "arn:aws:ec2:eu-west-2:799980351101:security-group/sg-03b12f353781804a9",
            "description": "Security group that allows public ingress over SSH.",
            "egress": [],
            "id": "sg-03b12f353781804a9",
            "ingress": [
              {
                "cidr_blocks": [
                  "0.0.0.0/0"
                ],
                "description": "",
                "from_port": 22,
                "ipv6_cidr_blocks": [],
                "prefix_list_ids": [],
                "protocol": "tcp",
                "security_groups": [],
                "self": false,
                "to_port": 22
              }
            ],
            "name": "cloud-ssh",
            "name_prefix": null,
            "owner_id": "799980351101",
            "revoke_rules_on_delete": false,
            "tags": {
              "Account": "799980351101",
              "InfraName": "ansible-training-1",
              "Owner": "arn:aws:iam::799980351101:user/kris",
              "User": "AIDA3UQULNZ62GZRPYKRI"
            },
            "timeouts": null,
            "vpc_id": "vpc-0a57b8e78eecb58c9"
          },
          "private": "eyJlMmJmYjczMC1lY2FhLTExZTYtOGY4OC0zNDM2M2JjN2M0YzAiOnsiY3JlYXRlIjo2MDAwMDAwMDAwMDAsImRlbGV0ZSI6NjAwMDAwMDAwMDAwfSwic2NoZW1hX3ZlcnNpb24iOiIxIn0="
        }
      ]
    },
    {
      "mode": "managed",
      "type": "aws_security_group",
      "name": "web-public-egress",
      "provider": "provider.aws",
      "instances": [
        {
          "schema_version": 1,
          "attributes": {
            "arn": "arn:aws:ec2:eu-west-2:799980351101:security-group/sg-0d0c264b104caf187",
            "description": "Security group that allows egress to the internet for instances over HTTP and HTTPS.",
            "egress": [
              {
                "cidr_blocks": [
                  "0.0.0.0/0"
                ],
                "description": "",
                "from_port": 443,
                "ipv6_cidr_blocks": [],
                "prefix_list_ids": [],
                "protocol": "tcp",
                "security_groups": [],
                "self": false,
                "to_port": 443
              },
              {
                "cidr_blocks": [
                  "0.0.0.0/0"
                ],
                "description": "",
                "from_port": 80,
                "ipv6_cidr_blocks": [],
                "prefix_list_ids": [],
                "protocol": "tcp",
                "security_groups": [],
                "self": false,
                "to_port": 80
              }
            ],
            "id": "sg-0d0c264b104caf187",
            "ingress": [],
            "name": "web-public-egress",
            "name_prefix": null,
            "owner_id": "799980351101",
            "revoke_rules_on_delete": false,
            "tags": {
              "Account": "799980351101",
              "InfraName": "ansible-training-1",
              "Owner": "arn:aws:iam::799980351101:user/kris",
              "User": "AIDA3UQULNZ62GZRPYKRI"
            },
            "timeouts": null,
            "vpc_id": "vpc-0a57b8e78eecb58c9"
          },
          "private": "eyJlMmJmYjczMC1lY2FhLTExZTYtOGY4OC0zNDM2M2JjN2M0YzAiOnsiY3JlYXRlIjo2MDAwMDAwMDAwMDAsImRlbGV0ZSI6NjAwMDAwMDAwMDAwfSwic2NoZW1hX3ZlcnNpb24iOiIxIn0="
        }
      ]
    },
    {
      "mode": "managed",
      "type": "aws_security_group",
      "name": "web-public-ingress",
      "provider": "provider.aws",
      "instances": [
        {
          "schema_version": 1,
          "attributes": {
            "arn": "arn:aws:ec2:eu-west-2:799980351101:security-group/sg-06f03693acc9abf31",
            "description": "Security group that allows public ingress to instances, HTTP, HTTPS and more.",
            "egress": [],
            "id": "sg-06f03693acc9abf31",
            "ingress": [
              {
                "cidr_blocks": [
                  "0.0.0.0/0"
                ],
                "description": "",
                "from_port": 443,
                "ipv6_cidr_blocks": [],
                "prefix_list_ids": [],
                "protocol": "tcp",
                "security_groups": [],
                "self": false,
                "to_port": 443
              },
              {
                "cidr_blocks": [
                  "0.0.0.0/0"
                ],
                "description": "",
                "from_port": 8080,
                "ipv6_cidr_blocks": [],
                "prefix_list_ids": [],
                "protocol": "tcp",
                "security_groups": [],
                "self": false,
                "to_port": 8080
              },
              {
                "cidr_blocks": [
                  "0.0.0.0/0"
                ],
                "description": "",
                "from_port": 80,
                "ipv6_cidr_blocks": [],
                "prefix_list_ids": [],
                "protocol": "tcp",
                "security_groups": [],
                "self": false,
                "to_port": 80
              },
              {
                "cidr_blocks": [
                  "0.0.0.0/0"
                ],
                "description": "",
                "from_port": 8443,
                "ipv6_cidr_blocks": [],
                "prefix_list_ids": [],
                "protocol": "tcp",
                "security_groups": [],
                "self": false,
                "to_port": 8443
              }
            ],
            "name": "web-public-ingress",
            "name_prefix": null,
            "owner_id": "799980351101",
            "revoke_rules_on_delete": false,
            "tags": {
              "Account": "799980351101",
              "InfraName": "ansible-training-1",
              "Owner": "arn:aws:iam::799980351101:user/kris",
              "User": "AIDA3UQULNZ62GZRPYKRI"
            },
            "timeouts": null,
            "vpc_id": "vpc-0a57b8e78eecb58c9"
          },
          "private": "eyJlMmJmYjczMC1lY2FhLTExZTYtOGY4OC0zNDM2M2JjN2M0YzAiOnsiY3JlYXRlIjo2MDAwMDAwMDAwMDAsImRlbGV0ZSI6NjAwMDAwMDAwMDAwfSwic2NoZW1hX3ZlcnNpb24iOiIxIn0="
        }
      ]
    },
    {
      "mode": "managed",
      "type": "aws_subnet",
      "name": "t1_public_subnet",
      "provider": "provider.aws",
      "instances": [
        {
          "schema_version": 1,
          "attributes": {
            "arn": "arn:aws:ec2:eu-west-2:799980351101:subnet/subnet-0a728145d37eddf20",
            "assign_ipv6_address_on_creation": false,
            "availability_zone": "eu-west-2a",
            "availability_zone_id": "euw2-az2",
            "cidr_block": "10.0.1.0/24",
            "id": "subnet-0a728145d37eddf20",
            "ipv6_cidr_block": "",
            "ipv6_cidr_block_association_id": "",
            "map_public_ip_on_launch": true,
            "outpost_arn": "",
            "owner_id": "799980351101",
            "tags": {
              "Account": "799980351101",
              "InfraName": "ansible-training-1",
              "Name": "t1-default-public-subnet",
              "Owner": "arn:aws:iam::799980351101:user/kris",
              "Type": "Public",
              "User": "AIDA3UQULNZ62GZRPYKRI",
              "infra_name": "ansible-training-1"
            },
            "timeouts": null,
            "vpc_id": "vpc-0a57b8e78eecb58c9"
          },
          "private": "eyJlMmJmYjczMC1lY2FhLTExZTYtOGY4OC0zNDM2M2JjN2M0YzAiOnsiY3JlYXRlIjo2MDAwMDAwMDAwMDAsImRlbGV0ZSI6MTIwMDAwMDAwMDAwMH0sInNjaGVtYV92ZXJzaW9uIjoiMSJ9",
          "depends_on": [
            "aws_vpc.cloud"
          ]
        }
      ]
    },
    {
      "mode": "managed",
      "type": "aws_vpc",
      "name": "cloud",
      "provider": "provider.aws",
      "instances": [
        {
          "schema_version": 1,
          "attributes": {
            "arn": "arn:aws:ec2:eu-west-2:799980351101:vpc/vpc-0a57b8e78eecb58c9",
            "assign_generated_ipv6_cidr_block": false,
            "cidr_block": "10.0.0.0/16",
            "default_network_acl_id": "acl-0dd6bb73eb7a677f4",
            "default_route_table_id": "rtb-007a9abfce1a85ada",
            "default_security_group_id": "sg-0b1cacfa5a2c1a2ec",
            "dhcp_options_id": "dopt-303b6f58",
            "enable_classiclink": null,
            "enable_classiclink_dns_support": null,
            "enable_dns_hostnames": true,
            "enable_dns_support": true,
            "id": "vpc-0a57b8e78eecb58c9",
            "instance_tenancy": "default",
            "ipv6_association_id": "",
            "ipv6_cidr_block": "",
            "main_route_table_id": "rtb-007a9abfce1a85ada",
            "owner_id": "799980351101",
            "tags": {
              "Account": "799980351101",
              "InfraName": "ansible-training-1",
              "Name": "ansible-training-1",
              "Owner": "arn:aws:iam::799980351101:user/kris",
              "User": "AIDA3UQULNZ62GZRPYKRI"
            }
          },
          "private": "eyJzY2hlbWFfdmVyc2lvbiI6IjEifQ=="
        }
      ]
    }
  ]
}
